// !$*UTF8*$!
{
	archiveVersion = 1;
	classes = {
	};
	objectVersion = 46;
	objects = {

/* Begin PBXAggregateTarget section */
		F568C46E16E3C8EB007797F1 /* versioning */ = {
			isa = PBXAggregateTarget;
			buildConfigurationList = F568C46F16E3C8EB007797F1 /* Build configuration list for PBXAggregateTarget "versioning" */;
			buildPhases = (
				F568C47216E3C90D007797F1 /* ShellScript */,
			);
			dependencies = (
			);
			name = versioning;
			productName = versioning;
		};
/* End PBXAggregateTarget section */

/* Begin PBXBuildFile section */
		01d93763067c68ff5edfb415 /* Foundation.framework in Frameworks */ = {isa = PBXBuildFile; fileRef = F568C42216E3C256007797F1 /* Foundation.framework */; };
		057f6664908d0a0ec2a2034a /* second.png in Resources */ = {isa = PBXBuildFile; fileRef = F568C45416E3C69C007797F1 /* second.png */; };
		07719336d66c1ae0e689616e /* BrAppDelegate.m in Sources */ = {isa = PBXBuildFile; fileRef = F568C43016E3C256007797F1 /* BrAppDelegate.m */; };
		1f98f617997352fa5d3376fb /* main.m in Sources */ = {isa = PBXBuildFile; fileRef = F568C42C16E3C256007797F1 /* main.m */; };
		23b78a523c28d71ae6892ce3 /* Icon-72.png in Resources */ = {isa = PBXBuildFile; fileRef = F568C45C16E3C6F2007797F1 /* Icon-72.png */; };
		25af5ab6ef29f8d240675046 /* UIKit.framework in Frameworks */ = {isa = PBXBuildFile; fileRef = F568C42016E3C256007797F1 /* UIKit.framework */; };
		2fac437ae5a7eef244390b77 /* Icon-72@2x.png in Resources */ = {isa = PBXBuildFile; fileRef = F568C45D16E3C6F2007797F1 /* Icon-72@2x.png */; };
		30ee42a2bc135b006f397b71 /* Default-568h@2x.png in Resources */ = {isa = PBXBuildFile; fileRef = F568C43616E3C256007797F1 /* Default-568h@2x.png */; };
		33d4d298137d5d41d434537a /* iTunesArtwork@2x in Resources */ = {isa = PBXBuildFile; fileRef = F568C46416E3C6F2007797F1 /* iTunesArtwork@2x */; };
		3c10e85b30a66b77009a1ccc /* second@2x.png in Resources */ = {isa = PBXBuildFile; fileRef = F568C45516E3C69C007797F1 /* second@2x.png */; };
		3f744665f593b89dc3f47464 /* Icon-Small-50.png in Resources */ = {isa = PBXBuildFile; fileRef = F568C45E16E3C6F2007797F1 /* Icon-Small-50.png */; };
		528fac7a775919ed58477c54 /* Icon.png in Resources */ = {isa = PBXBuildFile; fileRef = F568C46116E3C6F2007797F1 /* Icon.png */; };
		532f1a9bf8dd52b64f741fd5 /* CoreGraphics.framework in Frameworks */ = {isa = PBXBuildFile; fileRef = F568C42416E3C256007797F1 /* CoreGraphics.framework */; };
		553e655fbe2433cbff10ac67 /* iTunesArtwork in Resources */ = {isa = PBXBuildFile; fileRef = F568C46316E3C6F2007797F1 /* iTunesArtwork */; };
		5f0fd17902431e7fd52dcdc4 /* CFNetwork.framework in Frameworks */ = {isa = PBXBuildFile; fileRef = ff3dcd52060efbfc4f8a542e /* CFNetwork.framework */; };
		605bd3871f647141ad259754 /* Icon@2x.png in Resources */ = {isa = PBXBuildFile; fileRef = F568C46216E3C6F2007797F1 /* Icon@2x.png */; };
		8e2359e8cb78e16bc7c93e82 /* Icon-Small@2x.png in Resources */ = {isa = PBXBuildFile; fileRef = F568C46016E3C6F2007797F1 /* Icon-Small@2x.png */; };
		F51F12BE171884ED00809626 /* blueprint-background-320x480.png in Resources */ = {isa = PBXBuildFile; fileRef = F51F12BC171884ED00809626 /* blueprint-background-320x480.png */; };
		F51F12BF171884ED00809626 /* blueprint-background-320x480.png in Resources */ = {isa = PBXBuildFile; fileRef = F51F12BC171884ED00809626 /* blueprint-background-320x480.png */; };
		F51F12C0171884ED00809626 /* blueprint-background-320x480@2x.png in Resources */ = {isa = PBXBuildFile; fileRef = F51F12BD171884ED00809626 /* blueprint-background-320x480@2x.png */; };
		F51F12C1171884ED00809626 /* blueprint-background-320x480@2x.png in Resources */ = {isa = PBXBuildFile; fileRef = F51F12BD171884ED00809626 /* blueprint-background-320x480@2x.png */; };
		F568C42116E3C256007797F1 /* UIKit.framework in Frameworks */ = {isa = PBXBuildFile; fileRef = F568C42016E3C256007797F1 /* UIKit.framework */; };
		F568C42316E3C256007797F1 /* Foundation.framework in Frameworks */ = {isa = PBXBuildFile; fileRef = F568C42216E3C256007797F1 /* Foundation.framework */; };
		F568C42516E3C256007797F1 /* CoreGraphics.framework in Frameworks */ = {isa = PBXBuildFile; fileRef = F568C42416E3C256007797F1 /* CoreGraphics.framework */; };
		F568C42B16E3C256007797F1 /* InfoPlist.strings in Resources */ = {isa = PBXBuildFile; fileRef = F568C42916E3C256007797F1 /* InfoPlist.strings */; };
		F568C42D16E3C256007797F1 /* main.m in Sources */ = {isa = PBXBuildFile; fileRef = F568C42C16E3C256007797F1 /* main.m */; };
		F568C43116E3C256007797F1 /* BrAppDelegate.m in Sources */ = {isa = PBXBuildFile; fileRef = F568C43016E3C256007797F1 /* BrAppDelegate.m */; };
		F568C43316E3C256007797F1 /* Default.png in Resources */ = {isa = PBXBuildFile; fileRef = F568C43216E3C256007797F1 /* Default.png */; };
		F568C43516E3C256007797F1 /* Default@2x.png in Resources */ = {isa = PBXBuildFile; fileRef = F568C43416E3C256007797F1 /* Default@2x.png */; };
		F568C43716E3C256007797F1 /* Default-568h@2x.png in Resources */ = {isa = PBXBuildFile; fileRef = F568C43616E3C256007797F1 /* Default-568h@2x.png */; };
		F568C45616E3C69C007797F1 /* first.png in Resources */ = {isa = PBXBuildFile; fileRef = F568C45216E3C69C007797F1 /* first.png */; };
		F568C45716E3C69C007797F1 /* first@2x.png in Resources */ = {isa = PBXBuildFile; fileRef = F568C45316E3C69C007797F1 /* first@2x.png */; };
		F568C45816E3C69C007797F1 /* second.png in Resources */ = {isa = PBXBuildFile; fileRef = F568C45416E3C69C007797F1 /* second.png */; };
		F568C45916E3C69C007797F1 /* second@2x.png in Resources */ = {isa = PBXBuildFile; fileRef = F568C45516E3C69C007797F1 /* second@2x.png */; };
		F568C46516E3C6F2007797F1 /* Icon-72.png in Resources */ = {isa = PBXBuildFile; fileRef = F568C45C16E3C6F2007797F1 /* Icon-72.png */; };
		F568C46616E3C6F2007797F1 /* Icon-72@2x.png in Resources */ = {isa = PBXBuildFile; fileRef = F568C45D16E3C6F2007797F1 /* Icon-72@2x.png */; };
		F568C46716E3C6F2007797F1 /* Icon-Small-50.png in Resources */ = {isa = PBXBuildFile; fileRef = F568C45E16E3C6F2007797F1 /* Icon-Small-50.png */; };
		F568C46816E3C6F2007797F1 /* Icon-Small.png in Resources */ = {isa = PBXBuildFile; fileRef = F568C45F16E3C6F2007797F1 /* Icon-Small.png */; };
		F568C46916E3C6F2007797F1 /* Icon-Small@2x.png in Resources */ = {isa = PBXBuildFile; fileRef = F568C46016E3C6F2007797F1 /* Icon-Small@2x.png */; };
		F568C46A16E3C6F2007797F1 /* Icon.png in Resources */ = {isa = PBXBuildFile; fileRef = F568C46116E3C6F2007797F1 /* Icon.png */; };
		F568C46B16E3C6F2007797F1 /* Icon@2x.png in Resources */ = {isa = PBXBuildFile; fileRef = F568C46216E3C6F2007797F1 /* Icon@2x.png */; };
		F568C46C16E3C6F2007797F1 /* iTunesArtwork in Resources */ = {isa = PBXBuildFile; fileRef = F568C46316E3C6F2007797F1 /* iTunesArtwork */; };
		F568C46D16E3C6F2007797F1 /* iTunesArtwork@2x in Resources */ = {isa = PBXBuildFile; fileRef = F568C46416E3C6F2007797F1 /* iTunesArtwork@2x */; };
		F56BAB5C16FCA42900AB8578 /* BrController.m in Sources */ = {isa = PBXBuildFile; fileRef = F56BAB5B16FCA42900AB8578 /* BrController.m */; };
		F56BAB5D16FCA42900AB8578 /* BrController.m in Sources */ = {isa = PBXBuildFile; fileRef = F56BAB5B16FCA42900AB8578 /* BrController.m */; };
		F56BAB6416FCA45F00AB8578 /* BrDatePickerController.m in Sources */ = {isa = PBXBuildFile; fileRef = F56BAB5F16FCA45F00AB8578 /* BrDatePickerController.m */; };
		F56BAB6516FCA45F00AB8578 /* BrDatePickerController.m in Sources */ = {isa = PBXBuildFile; fileRef = F56BAB5F16FCA45F00AB8578 /* BrDatePickerController.m */; };
		F56BAB6616FCA45F00AB8578 /* BrFirstViewController.m in Sources */ = {isa = PBXBuildFile; fileRef = F56BAB6116FCA45F00AB8578 /* BrFirstViewController.m */; };
		F56BAB6716FCA45F00AB8578 /* BrFirstViewController.m in Sources */ = {isa = PBXBuildFile; fileRef = F56BAB6116FCA45F00AB8578 /* BrFirstViewController.m */; };
		F56BAB6816FCA45F00AB8578 /* BrTextRelatedController.m in Sources */ = {isa = PBXBuildFile; fileRef = F56BAB6316FCA45F00AB8578 /* BrTextRelatedController.m */; };
		F56BAB6916FCA45F00AB8578 /* BrTextRelatedController.m in Sources */ = {isa = PBXBuildFile; fileRef = F56BAB6316FCA45F00AB8578 /* BrTextRelatedController.m */; };
		F56BAB6C16FCA5C500AB8578 /* 11-clock.png in Resources */ = {isa = PBXBuildFile; fileRef = F56BAB6A16FCA5C500AB8578 /* 11-clock.png */; };
		F56BAB6D16FCA5C500AB8578 /* 11-clock.png in Resources */ = {isa = PBXBuildFile; fileRef = F56BAB6A16FCA5C500AB8578 /* 11-clock.png */; };
		F56BAB6E16FCA5C500AB8578 /* 11-clock@2x.png in Resources */ = {isa = PBXBuildFile; fileRef = F56BAB6B16FCA5C500AB8578 /* 11-clock@2x.png */; };
		F56BAB6F16FCA5C500AB8578 /* 11-clock@2x.png in Resources */ = {isa = PBXBuildFile; fileRef = F56BAB6B16FCA5C500AB8578 /* 11-clock@2x.png */; };
		F56BAB7316FCA9DF00AB8578 /* BrDatePickerView.m in Sources */ = {isa = PBXBuildFile; fileRef = F56BAB7216FCA9DF00AB8578 /* BrDatePickerView.m */; };
		F56BAB7416FCA9DF00AB8578 /* BrDatePickerView.m in Sources */ = {isa = PBXBuildFile; fileRef = F56BAB7216FCA9DF00AB8578 /* BrDatePickerView.m */; };
		F56BAB7716FCAAF400AB8578 /* BrGlobals.m in Sources */ = {isa = PBXBuildFile; fileRef = F56BAB7616FCAAF400AB8578 /* BrGlobals.m */; };
		F56BAB7816FCAAF400AB8578 /* BrGlobals.m in Sources */ = {isa = PBXBuildFile; fileRef = F56BAB7616FCAAF400AB8578 /* BrGlobals.m */; };
		F58F093316F29CD6007CFE50 /* BrCategories.m in Sources */ = {isa = PBXBuildFile; fileRef = F58F093216F29CD6007CFE50 /* BrCategories.m */; };
		F58F093416F29CD6007CFE50 /* BrCategories.m in Sources */ = {isa = PBXBuildFile; fileRef = F58F093216F29CD6007CFE50 /* BrCategories.m */; };
		F58F093B16F32FF9007CFE50 /* MessageUI.framework in Frameworks */ = {isa = PBXBuildFile; fileRef = F58F093A16F32FF9007CFE50 /* MessageUI.framework */; };
		F58F093C16F33002007CFE50 /* MessageUI.framework in Frameworks */ = {isa = PBXBuildFile; fileRef = F58F093A16F32FF9007CFE50 /* MessageUI.framework */; };
		F591380817C3D2CE007B2BE4 /* BrNavigationController.m in Sources */ = {isa = PBXBuildFile; fileRef = F591380717C3D2CE007B2BE4 /* BrNavigationController.m */; };
		F591380917C3D2CE007B2BE4 /* BrNavigationController.m in Sources */ = {isa = PBXBuildFile; fileRef = F591380717C3D2CE007B2BE4 /* BrNavigationController.m */; };
		F591380C17C3D3AB007B2BE4 /* BrTabBarController.m in Sources */ = {isa = PBXBuildFile; fileRef = F591380B17C3D3AB007B2BE4 /* BrTabBarController.m */; };
		F591380D17C3D3AB007B2BE4 /* BrTabBarController.m in Sources */ = {isa = PBXBuildFile; fileRef = F591380B17C3D3AB007B2BE4 /* BrTabBarController.m */; };
		F5A6DB4418104CBB007D85C7 /* BrSliderView.m in Sources */ = {isa = PBXBuildFile; fileRef = F5A6DB4318104CBB007D85C7 /* BrSliderView.m */; };
		F5A6DB4518104CBB007D85C7 /* BrSliderView.m in Sources */ = {isa = PBXBuildFile; fileRef = F5A6DB4318104CBB007D85C7 /* BrSliderView.m */; };
		F5A6DB731810581A007D85C7 /* anxious.png in Resources */ = {isa = PBXBuildFile; fileRef = F5A6DB481810581A007D85C7 /* anxious.png */; };
		F5A6DB741810581A007D85C7 /* anxious.png in Resources */ = {isa = PBXBuildFile; fileRef = F5A6DB481810581A007D85C7 /* anxious.png */; };
		F5A6DB751810581A007D85C7 /* anxious@2x.png in Resources */ = {isa = PBXBuildFile; fileRef = F5A6DB491810581A007D85C7 /* anxious@2x.png */; };
		F5A6DB761810581A007D85C7 /* anxious@2x.png in Resources */ = {isa = PBXBuildFile; fileRef = F5A6DB491810581A007D85C7 /* anxious@2x.png */; };
		F5A6DB771810581A007D85C7 /* bored.png in Resources */ = {isa = PBXBuildFile; fileRef = F5A6DB4A1810581A007D85C7 /* bored.png */; };
		F5A6DB781810581A007D85C7 /* bored.png in Resources */ = {isa = PBXBuildFile; fileRef = F5A6DB4A1810581A007D85C7 /* bored.png */; };
		F5A6DB791810581A007D85C7 /* bored@2x.png in Resources */ = {isa = PBXBuildFile; fileRef = F5A6DB4B1810581A007D85C7 /* bored@2x.png */; };
		F5A6DB7A1810581A007D85C7 /* bored@2x.png in Resources */ = {isa = PBXBuildFile; fileRef = F5A6DB4B1810581A007D85C7 /* bored@2x.png */; };
		F5A6DB7B1810581A007D85C7 /* calm.png in Resources */ = {isa = PBXBuildFile; fileRef = F5A6DB4C1810581A007D85C7 /* calm.png */; };
		F5A6DB7C1810581A007D85C7 /* calm.png in Resources */ = {isa = PBXBuildFile; fileRef = F5A6DB4C1810581A007D85C7 /* calm.png */; };
		F5A6DB7D1810581A007D85C7 /* calm@2x.png in Resources */ = {isa = PBXBuildFile; fileRef = F5A6DB4D1810581A007D85C7 /* calm@2x.png */; };
		F5A6DB7E1810581A007D85C7 /* calm@2x.png in Resources */ = {isa = PBXBuildFile; fileRef = F5A6DB4D1810581A007D85C7 /* calm@2x.png */; };
		F5A6DB7F1810581A007D85C7 /* happy.png in Resources */ = {isa = PBXBuildFile; fileRef = F5A6DB4E1810581A007D85C7 /* happy.png */; };
		F5A6DB801810581A007D85C7 /* happy.png in Resources */ = {isa = PBXBuildFile; fileRef = F5A6DB4E1810581A007D85C7 /* happy.png */; };
		F5A6DB811810581A007D85C7 /* happy@2x.png in Resources */ = {isa = PBXBuildFile; fileRef = F5A6DB4F1810581A007D85C7 /* happy@2x.png */; };
		F5A6DB821810581A007D85C7 /* happy@2x.png in Resources */ = {isa = PBXBuildFile; fileRef = F5A6DB4F1810581A007D85C7 /* happy@2x.png */; };
		F5A6DB831810581A007D85C7 /* sad.png in Resources */ = {isa = PBXBuildFile; fileRef = F5A6DB501810581A007D85C7 /* sad.png */; };
		F5A6DB841810581A007D85C7 /* sad.png in Resources */ = {isa = PBXBuildFile; fileRef = F5A6DB501810581A007D85C7 /* sad.png */; };
		F5A6DB851810581A007D85C7 /* sad@2x.png in Resources */ = {isa = PBXBuildFile; fileRef = F5A6DB511810581A007D85C7 /* sad@2x.png */; };
		F5A6DB861810581A007D85C7 /* sad@2x.png in Resources */ = {isa = PBXBuildFile; fileRef = F5A6DB511810581A007D85C7 /* sad@2x.png */; };
		F5A6DB871810581A007D85C7 /* cabinet.png in Resources */ = {isa = PBXBuildFile; fileRef = F5A6DB531810581A007D85C7 /* cabinet.png */; };
		F5A6DB881810581A007D85C7 /* cabinet.png in Resources */ = {isa = PBXBuildFile; fileRef = F5A6DB531810581A007D85C7 /* cabinet.png */; };
		F5A6DB891810581A007D85C7 /* cabinet@2x.png in Resources */ = {isa = PBXBuildFile; fileRef = F5A6DB541810581A007D85C7 /* cabinet@2x.png */; };
		F5A6DB8A1810581A007D85C7 /* cabinet@2x.png in Resources */ = {isa = PBXBuildFile; fileRef = F5A6DB541810581A007D85C7 /* cabinet@2x.png */; };
		F5A6DB8B1810581A007D85C7 /* airplane.png in Resources */ = {isa = PBXBuildFile; fileRef = F5A6DB551810581A007D85C7 /* airplane.png */; };
		F5A6DB8C1810581A007D85C7 /* airplane.png in Resources */ = {isa = PBXBuildFile; fileRef = F5A6DB551810581A007D85C7 /* airplane.png */; };
		F5A6DB8D1810581A007D85C7 /* airplane@2x.png in Resources */ = {isa = PBXBuildFile; fileRef = F5A6DB561810581A007D85C7 /* airplane@2x.png */; };
		F5A6DB8E1810581A007D85C7 /* airplane@2x.png in Resources */ = {isa = PBXBuildFile; fileRef = F5A6DB561810581A007D85C7 /* airplane@2x.png */; };
		F5A6DB8F1810581A007D85C7 /* clip.png in Resources */ = {isa = PBXBuildFile; fileRef = F5A6DB571810581A007D85C7 /* clip.png */; };
		F5A6DB901810581A007D85C7 /* clip.png in Resources */ = {isa = PBXBuildFile; fileRef = F5A6DB571810581A007D85C7 /* clip.png */; };
		F5A6DB911810581A007D85C7 /* clip@2x.png in Resources */ = {isa = PBXBuildFile; fileRef = F5A6DB581810581A007D85C7 /* clip@2x.png */; };
		F5A6DB921810581A007D85C7 /* clip@2x.png in Resources */ = {isa = PBXBuildFile; fileRef = F5A6DB581810581A007D85C7 /* clip@2x.png */; };
		F5A6DB931810581A007D85C7 /* clipboard.png in Resources */ = {isa = PBXBuildFile; fileRef = F5A6DB591810581A007D85C7 /* clipboard.png */; };
		F5A6DB941810581A007D85C7 /* clipboard.png in Resources */ = {isa = PBXBuildFile; fileRef = F5A6DB591810581A007D85C7 /* clipboard.png */; };
		F5A6DB951810581A007D85C7 /* clipboard@2x.png in Resources */ = {isa = PBXBuildFile; fileRef = F5A6DB5A1810581A007D85C7 /* clipboard@2x.png */; };
		F5A6DB961810581A007D85C7 /* clipboard@2x.png in Resources */ = {isa = PBXBuildFile; fileRef = F5A6DB5A1810581A007D85C7 /* clipboard@2x.png */; };
		F5A6DB971810581A007D85C7 /* calendar.png in Resources */ = {isa = PBXBuildFile; fileRef = F5A6DB5B1810581A007D85C7 /* calendar.png */; };
		F5A6DB981810581A007D85C7 /* calendar.png in Resources */ = {isa = PBXBuildFile; fileRef = F5A6DB5B1810581A007D85C7 /* calendar.png */; };
		F5A6DB991810581A007D85C7 /* calendar@2x.png in Resources */ = {isa = PBXBuildFile; fileRef = F5A6DB5C1810581A007D85C7 /* calendar@2x.png */; };
		F5A6DB9A1810581A007D85C7 /* calendar@2x.png in Resources */ = {isa = PBXBuildFile; fileRef = F5A6DB5C1810581A007D85C7 /* calendar@2x.png */; };
		F5A6DB9B1810581A007D85C7 /* scale.png in Resources */ = {isa = PBXBuildFile; fileRef = F5A6DB5E1810581A007D85C7 /* scale.png */; };
		F5A6DB9C1810581A007D85C7 /* scale.png in Resources */ = {isa = PBXBuildFile; fileRef = F5A6DB5E1810581A007D85C7 /* scale.png */; };
		F5A6DB9D1810581A007D85C7 /* scale@2x.png in Resources */ = {isa = PBXBuildFile; fileRef = F5A6DB5F1810581A007D85C7 /* scale@2x.png */; };
		F5A6DB9E1810581A007D85C7 /* scale@2x.png in Resources */ = {isa = PBXBuildFile; fileRef = F5A6DB5F1810581A007D85C7 /* scale@2x.png */; };
		F5A6DB9F1810581A007D85C7 /* compass.png in Resources */ = {isa = PBXBuildFile; fileRef = F5A6DB601810581A007D85C7 /* compass.png */; };
		F5A6DBA01810581A007D85C7 /* compass.png in Resources */ = {isa = PBXBuildFile; fileRef = F5A6DB601810581A007D85C7 /* compass.png */; };
		F5A6DBA11810581A007D85C7 /* compass@2x.png in Resources */ = {isa = PBXBuildFile; fileRef = F5A6DB611810581A007D85C7 /* compass@2x.png */; };
		F5A6DBA21810581A007D85C7 /* compass@2x.png in Resources */ = {isa = PBXBuildFile; fileRef = F5A6DB611810581A007D85C7 /* compass@2x.png */; };
		F5A6DBA31810581A007D85C7 /* atom.png in Resources */ = {isa = PBXBuildFile; fileRef = F5A6DB621810581A007D85C7 /* atom.png */; };
		F5A6DBA41810581A007D85C7 /* atom.png in Resources */ = {isa = PBXBuildFile; fileRef = F5A6DB621810581A007D85C7 /* atom.png */; };
		F5A6DBA51810581A007D85C7 /* atom@2x.png in Resources */ = {isa = PBXBuildFile; fileRef = F5A6DB631810581A007D85C7 /* atom@2x.png */; };
		F5A6DBA61810581A007D85C7 /* atom@2x.png in Resources */ = {isa = PBXBuildFile; fileRef = F5A6DB631810581A007D85C7 /* atom@2x.png */; };
		F5A6DBA71810581A007D85C7 /* beaker.png in Resources */ = {isa = PBXBuildFile; fileRef = F5A6DB641810581A007D85C7 /* beaker.png */; };
		F5A6DBA81810581A007D85C7 /* beaker.png in Resources */ = {isa = PBXBuildFile; fileRef = F5A6DB641810581A007D85C7 /* beaker.png */; };
		F5A6DBA91810581A007D85C7 /* beaker@2x.png in Resources */ = {isa = PBXBuildFile; fileRef = F5A6DB651810581A007D85C7 /* beaker@2x.png */; };
		F5A6DBAA1810581A007D85C7 /* beaker@2x.png in Resources */ = {isa = PBXBuildFile; fileRef = F5A6DB651810581A007D85C7 /* beaker@2x.png */; };
		F5A6DBAB1810581A007D85C7 /* telescope.png in Resources */ = {isa = PBXBuildFile; fileRef = F5A6DB661810581A007D85C7 /* telescope.png */; };
		F5A6DBAC1810581A007D85C7 /* telescope.png in Resources */ = {isa = PBXBuildFile; fileRef = F5A6DB661810581A007D85C7 /* telescope.png */; };
		F5A6DBAD1810581A007D85C7 /* telescope@2x.png in Resources */ = {isa = PBXBuildFile; fileRef = F5A6DB671810581A007D85C7 /* telescope@2x.png */; };
		F5A6DBAE1810581A007D85C7 /* telescope@2x.png in Resources */ = {isa = PBXBuildFile; fileRef = F5A6DB671810581A007D85C7 /* telescope@2x.png */; };
		F5A6DBAF1810581A007D85C7 /* couldy.png in Resources */ = {isa = PBXBuildFile; fileRef = F5A6DB691810581A007D85C7 /* couldy.png */; };
		F5A6DBB01810581A007D85C7 /* couldy.png in Resources */ = {isa = PBXBuildFile; fileRef = F5A6DB691810581A007D85C7 /* couldy.png */; };
		F5A6DBB11810581A007D85C7 /* couldy@2x.png in Resources */ = {isa = PBXBuildFile; fileRef = F5A6DB6A1810581A007D85C7 /* couldy@2x.png */; };
		F5A6DBB21810581A007D85C7 /* couldy@2x.png in Resources */ = {isa = PBXBuildFile; fileRef = F5A6DB6A1810581A007D85C7 /* couldy@2x.png */; };
		F5A6DBB31810581A007D85C7 /* sunny.png in Resources */ = {isa = PBXBuildFile; fileRef = F5A6DB6B1810581A007D85C7 /* sunny.png */; };
		F5A6DBB41810581A007D85C7 /* sunny.png in Resources */ = {isa = PBXBuildFile; fileRef = F5A6DB6B1810581A007D85C7 /* sunny.png */; };
		F5A6DBB51810581A007D85C7 /* sunny@2x.png in Resources */ = {isa = PBXBuildFile; fileRef = F5A6DB6C1810581A007D85C7 /* sunny@2x.png */; };
		F5A6DBB61810581A007D85C7 /* sunny@2x.png in Resources */ = {isa = PBXBuildFile; fileRef = F5A6DB6C1810581A007D85C7 /* sunny@2x.png */; };
		F5A6DBB71810581A007D85C7 /* overcast.png in Resources */ = {isa = PBXBuildFile; fileRef = F5A6DB6D1810581A007D85C7 /* overcast.png */; };
		F5A6DBB81810581A007D85C7 /* overcast.png in Resources */ = {isa = PBXBuildFile; fileRef = F5A6DB6D1810581A007D85C7 /* overcast.png */; };
		F5A6DBB91810581A007D85C7 /* overcast@2x.png in Resources */ = {isa = PBXBuildFile; fileRef = F5A6DB6E1810581A007D85C7 /* overcast@2x.png */; };
		F5A6DBBA1810581A007D85C7 /* overcast@2x.png in Resources */ = {isa = PBXBuildFile; fileRef = F5A6DB6E1810581A007D85C7 /* overcast@2x.png */; };
		F5A6DBBB1810581A007D85C7 /* rainy.png in Resources */ = {isa = PBXBuildFile; fileRef = F5A6DB6F1810581A007D85C7 /* rainy.png */; };
		F5A6DBBC1810581A007D85C7 /* rainy.png in Resources */ = {isa = PBXBuildFile; fileRef = F5A6DB6F1810581A007D85C7 /* rainy.png */; };
		F5A6DBBD1810581A007D85C7 /* rainy@2x.png in Resources */ = {isa = PBXBuildFile; fileRef = F5A6DB701810581A007D85C7 /* rainy@2x.png */; };
		F5A6DBBE1810581A007D85C7 /* rainy@2x.png in Resources */ = {isa = PBXBuildFile; fileRef = F5A6DB701810581A007D85C7 /* rainy@2x.png */; };
		F5A6DBBF1810581A007D85C7 /* snowy.png in Resources */ = {isa = PBXBuildFile; fileRef = F5A6DB711810581A007D85C7 /* snowy.png */; };
		F5A6DBC01810581A007D85C7 /* snowy.png in Resources */ = {isa = PBXBuildFile; fileRef = F5A6DB711810581A007D85C7 /* snowy.png */; };
		F5A6DBC11810581A007D85C7 /* snowy@2x.png in Resources */ = {isa = PBXBuildFile; fileRef = F5A6DB721810581A007D85C7 /* snowy@2x.png */; };
		F5A6DBC21810581A007D85C7 /* snowy@2x.png in Resources */ = {isa = PBXBuildFile; fileRef = F5A6DB721810581A007D85C7 /* snowy@2x.png */; };
		F5A9CFB3170EEFC900265826 /* BrDatePickerController.xib in Resources */ = {isa = PBXBuildFile; fileRef = F5A9CFAD170EEFC900265826 /* BrDatePickerController.xib */; };
		F5A9CFB4170EEFC900265826 /* BrDatePickerController.xib in Resources */ = {isa = PBXBuildFile; fileRef = F5A9CFAD170EEFC900265826 /* BrDatePickerController.xib */; };
		F5A9CFB5170EEFC900265826 /* BrFirstViewController.xib in Resources */ = {isa = PBXBuildFile; fileRef = F5A9CFAF170EEFC900265826 /* BrFirstViewController.xib */; };
		F5A9CFB6170EEFC900265826 /* BrFirstViewController.xib in Resources */ = {isa = PBXBuildFile; fileRef = F5A9CFAF170EEFC900265826 /* BrFirstViewController.xib */; };
		F5A9CFB7170EEFC900265826 /* BrTextRelatedController.xib in Resources */ = {isa = PBXBuildFile; fileRef = F5A9CFB1170EEFC900265826 /* BrTextRelatedController.xib */; };
		F5A9CFB8170EEFC900265826 /* BrTextRelatedController.xib in Resources */ = {isa = PBXBuildFile; fileRef = F5A9CFB1170EEFC900265826 /* BrTextRelatedController.xib */; };
		F5A9CFBB170F0AB200265826 /* BrTableController.m in Sources */ = {isa = PBXBuildFile; fileRef = F5A9CFBA170F0AB200265826 /* BrTableController.m */; };
		F5A9CFBC170F0AB200265826 /* BrTableController.m in Sources */ = {isa = PBXBuildFile; fileRef = F5A9CFBA170F0AB200265826 /* BrTableController.m */; };
		F5A9CFBF170F11BB00265826 /* BrTableController.xib in Resources */ = {isa = PBXBuildFile; fileRef = F5A9CFBD170F11BB00265826 /* BrTableController.xib */; };
		F5A9CFC0170F11BB00265826 /* BrTableController.xib in Resources */ = {isa = PBXBuildFile; fileRef = F5A9CFBD170F11BB00265826 /* BrTableController.xib */; };
		F5A9CFC3170F12CF00265826 /* 259-list.png in Resources */ = {isa = PBXBuildFile; fileRef = F5A9CFC1170F12CF00265826 /* 259-list.png */; };
		F5A9CFC4170F12CF00265826 /* 259-list.png in Resources */ = {isa = PBXBuildFile; fileRef = F5A9CFC1170F12CF00265826 /* 259-list.png */; };
		F5A9CFC5170F12CF00265826 /* 259-list@2x.png in Resources */ = {isa = PBXBuildFile; fileRef = F5A9CFC2170F12CF00265826 /* 259-list@2x.png */; };
		F5A9CFC6170F12CF00265826 /* 259-list@2x.png in Resources */ = {isa = PBXBuildFile; fileRef = F5A9CFC2170F12CF00265826 /* 259-list@2x.png */; };
		F5ACF379180D4E500062E3D5 /* BrSliderController.m in Sources */ = {isa = PBXBuildFile; fileRef = F5ACF378180D4E500062E3D5 /* BrSliderController.m */; };
		F5ACF37A180D4E500062E3D5 /* BrSliderController.m in Sources */ = {isa = PBXBuildFile; fileRef = F5ACF378180D4E500062E3D5 /* BrSliderController.m */; };
		F5ACF37D180D4F440062E3D5 /* BrSliderController.xib in Resources */ = {isa = PBXBuildFile; fileRef = F5ACF37B180D4F440062E3D5 /* BrSliderController.xib */; };
		F5ACF37E180D4F440062E3D5 /* BrSliderController.xib in Resources */ = {isa = PBXBuildFile; fileRef = F5ACF37B180D4F440062E3D5 /* BrSliderController.xib */; };
		F5ACF381180D53BC0062E3D5 /* 833-diamond.png in Resources */ = {isa = PBXBuildFile; fileRef = F5ACF37F180D53BC0062E3D5 /* 833-diamond.png */; };
		F5ACF382180D53BC0062E3D5 /* 833-diamond.png in Resources */ = {isa = PBXBuildFile; fileRef = F5ACF37F180D53BC0062E3D5 /* 833-diamond.png */; };
		F5ACF383180D53BC0062E3D5 /* 833-diamond@2x.png in Resources */ = {isa = PBXBuildFile; fileRef = F5ACF380180D53BC0062E3D5 /* 833-diamond@2x.png */; };
		F5ACF384180D53BC0062E3D5 /* 833-diamond@2x.png in Resources */ = {isa = PBXBuildFile; fileRef = F5ACF380180D53BC0062E3D5 /* 833-diamond@2x.png */; };
		aa3541c626e9a05f9ce05e6d /* Default@2x.png in Resources */ = {isa = PBXBuildFile; fileRef = F568C43416E3C256007797F1 /* Default@2x.png */; };
		b8fdd38325a6b1a766af9175 /* Icon-Small.png in Resources */ = {isa = PBXBuildFile; fileRef = F568C45F16E3C6F2007797F1 /* Icon-Small.png */; };
		c3cc1892a54542ba9cde1f42 /* calabash.framework in Frameworks */ = {isa = PBXBuildFile; fileRef = c6425b650cbbd9f05994720c /* calabash.framework */; };
		d256dff5b9aeb3324a8009c9 /* Default.png in Resources */ = {isa = PBXBuildFile; fileRef = F568C43216E3C256007797F1 /* Default.png */; };
		d4844386f5190d7484340315 /* first.png in Resources */ = {isa = PBXBuildFile; fileRef = F568C45216E3C69C007797F1 /* first.png */; };
		e20f57209fc5a8a2af660f73 /* first@2x.png in Resources */ = {isa = PBXBuildFile; fileRef = F568C45316E3C69C007797F1 /* first@2x.png */; };
		ed606ba9927d8c66d53a1e75 /* InfoPlist.strings in Resources */ = {isa = PBXBuildFile; fileRef = F568C42916E3C256007797F1 /* InfoPlist.strings */; };
/* End PBXBuildFile section */

/* Begin PBXContainerItemProxy section */
		F568C47316E3C94A007797F1 /* PBXContainerItemProxy */ = {
			isa = PBXContainerItemProxy;
			containerPortal = F568C41516E3C256007797F1 /* Project object */;
			proxyType = 1;
			remoteGlobalIDString = F568C46E16E3C8EB007797F1;
			remoteInfo = versioning;
		};
/* End PBXContainerItemProxy section */

/* Begin PBXFileReference section */
		F51F12BC171884ED00809626 /* blueprint-background-320x480.png */ = {isa = PBXFileReference; lastKnownFileType = image.png; path = "blueprint-background-320x480.png"; sourceTree = "<group>"; };
		F51F12BD171884ED00809626 /* blueprint-background-320x480@2x.png */ = {isa = PBXFileReference; lastKnownFileType = image.png; path = "blueprint-background-320x480@2x.png"; sourceTree = "<group>"; };
		F548D2BA16E3E1F3003D2CD0 /* Briar-cal.app */ = {isa = PBXFileReference; explicitFileType = wrapper.application; includeInIndex = 0; path = "Briar-cal.app"; sourceTree = BUILT_PRODUCTS_DIR; };
		F568C41D16E3C256007797F1 /* Briar.app */ = {isa = PBXFileReference; explicitFileType = wrapper.application; includeInIndex = 0; path = Briar.app; sourceTree = BUILT_PRODUCTS_DIR; };
		F568C42016E3C256007797F1 /* UIKit.framework */ = {isa = PBXFileReference; lastKnownFileType = wrapper.framework; name = UIKit.framework; path = System/Library/Frameworks/UIKit.framework; sourceTree = SDKROOT; };
		F568C42216E3C256007797F1 /* Foundation.framework */ = {isa = PBXFileReference; lastKnownFileType = wrapper.framework; name = Foundation.framework; path = System/Library/Frameworks/Foundation.framework; sourceTree = SDKROOT; };
		F568C42416E3C256007797F1 /* CoreGraphics.framework */ = {isa = PBXFileReference; lastKnownFileType = wrapper.framework; name = CoreGraphics.framework; path = System/Library/Frameworks/CoreGraphics.framework; sourceTree = SDKROOT; };
		F568C42816E3C256007797F1 /* Briar-Info.plist */ = {isa = PBXFileReference; lastKnownFileType = text.plist.xml; path = "Briar-Info.plist"; sourceTree = "<group>"; };
		F568C42A16E3C256007797F1 /* en */ = {isa = PBXFileReference; lastKnownFileType = text.plist.strings; name = en; path = en.lproj/InfoPlist.strings; sourceTree = "<group>"; };
		F568C42C16E3C256007797F1 /* main.m */ = {isa = PBXFileReference; lastKnownFileType = sourcecode.c.objc; path = main.m; sourceTree = "<group>"; };
		F568C42E16E3C256007797F1 /* Briar-Prefix.pch */ = {isa = PBXFileReference; lastKnownFileType = sourcecode.c.h; path = "Briar-Prefix.pch"; sourceTree = "<group>"; };
		F568C42F16E3C256007797F1 /* BrAppDelegate.h */ = {isa = PBXFileReference; lastKnownFileType = sourcecode.c.h; path = BrAppDelegate.h; sourceTree = "<group>"; };
		F568C43016E3C256007797F1 /* BrAppDelegate.m */ = {isa = PBXFileReference; lastKnownFileType = sourcecode.c.objc; path = BrAppDelegate.m; sourceTree = "<group>"; };
		F568C43216E3C256007797F1 /* Default.png */ = {isa = PBXFileReference; lastKnownFileType = image.png; name = Default.png; path = ../Default.png; sourceTree = "<group>"; };
		F568C43416E3C256007797F1 /* Default@2x.png */ = {isa = PBXFileReference; lastKnownFileType = image.png; name = "Default@2x.png"; path = "../Default@2x.png"; sourceTree = "<group>"; };
		F568C43616E3C256007797F1 /* Default-568h@2x.png */ = {isa = PBXFileReference; lastKnownFileType = image.png; name = "Default-568h@2x.png"; path = "../Default-568h@2x.png"; sourceTree = "<group>"; };
		F568C45216E3C69C007797F1 /* first.png */ = {isa = PBXFileReference; lastKnownFileType = image.png; path = first.png; sourceTree = "<group>"; };
		F568C45316E3C69C007797F1 /* first@2x.png */ = {isa = PBXFileReference; lastKnownFileType = image.png; path = "first@2x.png"; sourceTree = "<group>"; };
		F568C45416E3C69C007797F1 /* second.png */ = {isa = PBXFileReference; lastKnownFileType = image.png; path = second.png; sourceTree = "<group>"; };
		F568C45516E3C69C007797F1 /* second@2x.png */ = {isa = PBXFileReference; lastKnownFileType = image.png; path = "second@2x.png"; sourceTree = "<group>"; };
		F568C45C16E3C6F2007797F1 /* Icon-72.png */ = {isa = PBXFileReference; lastKnownFileType = image.png; name = "Icon-72.png"; path = "Briar/Icon-72.png"; sourceTree = SOURCE_ROOT; };
		F568C45D16E3C6F2007797F1 /* Icon-72@2x.png */ = {isa = PBXFileReference; lastKnownFileType = image.png; name = "Icon-72@2x.png"; path = "Briar/Icon-72@2x.png"; sourceTree = SOURCE_ROOT; };
		F568C45E16E3C6F2007797F1 /* Icon-Small-50.png */ = {isa = PBXFileReference; lastKnownFileType = image.png; name = "Icon-Small-50.png"; path = "Briar/Icon-Small-50.png"; sourceTree = SOURCE_ROOT; };
		F568C45F16E3C6F2007797F1 /* Icon-Small.png */ = {isa = PBXFileReference; lastKnownFileType = image.png; name = "Icon-Small.png"; path = "Briar/Icon-Small.png"; sourceTree = SOURCE_ROOT; };
		F568C46016E3C6F2007797F1 /* Icon-Small@2x.png */ = {isa = PBXFileReference; lastKnownFileType = image.png; name = "Icon-Small@2x.png"; path = "Briar/Icon-Small@2x.png"; sourceTree = SOURCE_ROOT; };
		F568C46116E3C6F2007797F1 /* Icon.png */ = {isa = PBXFileReference; lastKnownFileType = image.png; name = Icon.png; path = Briar/Icon.png; sourceTree = SOURCE_ROOT; };
		F568C46216E3C6F2007797F1 /* Icon@2x.png */ = {isa = PBXFileReference; lastKnownFileType = image.png; name = "Icon@2x.png"; path = "Briar/Icon@2x.png"; sourceTree = SOURCE_ROOT; };
		F568C46316E3C6F2007797F1 /* iTunesArtwork */ = {isa = PBXFileReference; lastKnownFileType = file; name = iTunesArtwork; path = Briar/iTunesArtwork; sourceTree = SOURCE_ROOT; };
		F568C46416E3C6F2007797F1 /* iTunesArtwork@2x */ = {isa = PBXFileReference; lastKnownFileType = file; name = "iTunesArtwork@2x"; path = "Briar/iTunesArtwork@2x"; sourceTree = SOURCE_ROOT; };
		F56BAB5A16FCA42900AB8578 /* BrController.h */ = {isa = PBXFileReference; fileEncoding = 4; lastKnownFileType = sourcecode.c.h; path = BrController.h; sourceTree = "<group>"; };
		F56BAB5B16FCA42900AB8578 /* BrController.m */ = {isa = PBXFileReference; fileEncoding = 4; lastKnownFileType = sourcecode.c.objc; path = BrController.m; sourceTree = "<group>"; };
		F56BAB5E16FCA45F00AB8578 /* BrDatePickerController.h */ = {isa = PBXFileReference; fileEncoding = 4; lastKnownFileType = sourcecode.c.h; path = BrDatePickerController.h; sourceTree = "<group>"; };
		F56BAB5F16FCA45F00AB8578 /* BrDatePickerController.m */ = {isa = PBXFileReference; fileEncoding = 4; lastKnownFileType = sourcecode.c.objc; path = BrDatePickerController.m; sourceTree = "<group>"; };
		F56BAB6016FCA45F00AB8578 /* BrFirstViewController.h */ = {isa = PBXFileReference; fileEncoding = 4; lastKnownFileType = sourcecode.c.h; path = BrFirstViewController.h; sourceTree = "<group>"; };
		F56BAB6116FCA45F00AB8578 /* BrFirstViewController.m */ = {isa = PBXFileReference; fileEncoding = 4; lastKnownFileType = sourcecode.c.objc; path = BrFirstViewController.m; sourceTree = "<group>"; };
		F56BAB6216FCA45F00AB8578 /* BrTextRelatedController.h */ = {isa = PBXFileReference; fileEncoding = 4; lastKnownFileType = sourcecode.c.h; path = BrTextRelatedController.h; sourceTree = "<group>"; };
		F56BAB6316FCA45F00AB8578 /* BrTextRelatedController.m */ = {isa = PBXFileReference; fileEncoding = 4; lastKnownFileType = sourcecode.c.objc; path = BrTextRelatedController.m; sourceTree = "<group>"; };
		F56BAB6A16FCA5C500AB8578 /* 11-clock.png */ = {isa = PBXFileReference; lastKnownFileType = image.png; path = "11-clock.png"; sourceTree = "<group>"; };
		F56BAB6B16FCA5C500AB8578 /* 11-clock@2x.png */ = {isa = PBXFileReference; lastKnownFileType = image.png; path = "11-clock@2x.png"; sourceTree = "<group>"; };
		F56BAB7116FCA9DF00AB8578 /* BrDatePickerView.h */ = {isa = PBXFileReference; fileEncoding = 4; lastKnownFileType = sourcecode.c.h; path = BrDatePickerView.h; sourceTree = "<group>"; };
		F56BAB7216FCA9DF00AB8578 /* BrDatePickerView.m */ = {isa = PBXFileReference; fileEncoding = 4; lastKnownFileType = sourcecode.c.objc; path = BrDatePickerView.m; sourceTree = "<group>"; };
		F56BAB7516FCAAF400AB8578 /* BrGlobals.h */ = {isa = PBXFileReference; fileEncoding = 4; lastKnownFileType = sourcecode.c.h; path = BrGlobals.h; sourceTree = "<group>"; };
		F56BAB7616FCAAF400AB8578 /* BrGlobals.m */ = {isa = PBXFileReference; fileEncoding = 4; lastKnownFileType = sourcecode.c.objc; path = BrGlobals.m; sourceTree = "<group>"; };
		F58F093116F29CD6007CFE50 /* BrCategories.h */ = {isa = PBXFileReference; fileEncoding = 4; lastKnownFileType = sourcecode.c.h; path = BrCategories.h; sourceTree = "<group>"; };
		F58F093216F29CD6007CFE50 /* BrCategories.m */ = {isa = PBXFileReference; fileEncoding = 4; lastKnownFileType = sourcecode.c.objc; path = BrCategories.m; sourceTree = "<group>"; };
		F58F093A16F32FF9007CFE50 /* MessageUI.framework */ = {isa = PBXFileReference; lastKnownFileType = wrapper.framework; name = MessageUI.framework; path = System/Library/Frameworks/MessageUI.framework; sourceTree = SDKROOT; };
		F591380617C3D2CE007B2BE4 /* BrNavigationController.h */ = {isa = PBXFileReference; fileEncoding = 4; lastKnownFileType = sourcecode.c.h; path = BrNavigationController.h; sourceTree = "<group>"; };
		F591380717C3D2CE007B2BE4 /* BrNavigationController.m */ = {isa = PBXFileReference; fileEncoding = 4; lastKnownFileType = sourcecode.c.objc; path = BrNavigationController.m; sourceTree = "<group>"; };
		F591380A17C3D3AB007B2BE4 /* BrTabBarController.h */ = {isa = PBXFileReference; fileEncoding = 4; lastKnownFileType = sourcecode.c.h; path = BrTabBarController.h; sourceTree = "<group>"; };
		F591380B17C3D3AB007B2BE4 /* BrTabBarController.m */ = {isa = PBXFileReference; fileEncoding = 4; lastKnownFileType = sourcecode.c.objc; path = BrTabBarController.m; sourceTree = "<group>"; };
		F5A6DB4218104CBB007D85C7 /* BrSliderView.h */ = {isa = PBXFileReference; fileEncoding = 4; lastKnownFileType = sourcecode.c.h; path = BrSliderView.h; sourceTree = "<group>"; };
		F5A6DB4318104CBB007D85C7 /* BrSliderView.m */ = {isa = PBXFileReference; fileEncoding = 4; lastKnownFileType = sourcecode.c.objc; path = BrSliderView.m; sourceTree = "<group>"; };
		F5A6DB481810581A007D85C7 /* anxious.png */ = {isa = PBXFileReference; lastKnownFileType = image.png; path = anxious.png; sourceTree = "<group>"; };
		F5A6DB491810581A007D85C7 /* anxious@2x.png */ = {isa = PBXFileReference; lastKnownFileType = image.png; path = "anxious@2x.png"; sourceTree = "<group>"; };
		F5A6DB4A1810581A007D85C7 /* bored.png */ = {isa = PBXFileReference; lastKnownFileType = image.png; path = bored.png; sourceTree = "<group>"; };
		F5A6DB4B1810581A007D85C7 /* bored@2x.png */ = {isa = PBXFileReference; lastKnownFileType = image.png; path = "bored@2x.png"; sourceTree = "<group>"; };
		F5A6DB4C1810581A007D85C7 /* calm.png */ = {isa = PBXFileReference; lastKnownFileType = image.png; path = calm.png; sourceTree = "<group>"; };
		F5A6DB4D1810581A007D85C7 /* calm@2x.png */ = {isa = PBXFileReference; lastKnownFileType = image.png; path = "calm@2x.png"; sourceTree = "<group>"; };
		F5A6DB4E1810581A007D85C7 /* happy.png */ = {isa = PBXFileReference; lastKnownFileType = image.png; path = happy.png; sourceTree = "<group>"; };
		F5A6DB4F1810581A007D85C7 /* happy@2x.png */ = {isa = PBXFileReference; lastKnownFileType = image.png; path = "happy@2x.png"; sourceTree = "<group>"; };
		F5A6DB501810581A007D85C7 /* sad.png */ = {isa = PBXFileReference; lastKnownFileType = image.png; path = sad.png; sourceTree = "<group>"; };
		F5A6DB511810581A007D85C7 /* sad@2x.png */ = {isa = PBXFileReference; lastKnownFileType = image.png; path = "sad@2x.png"; sourceTree = "<group>"; };
		F5A6DB531810581A007D85C7 /* cabinet.png */ = {isa = PBXFileReference; lastKnownFileType = image.png; path = cabinet.png; sourceTree = "<group>"; };
		F5A6DB541810581A007D85C7 /* cabinet@2x.png */ = {isa = PBXFileReference; lastKnownFileType = image.png; path = "cabinet@2x.png"; sourceTree = "<group>"; };
		F5A6DB551810581A007D85C7 /* airplane.png */ = {isa = PBXFileReference; lastKnownFileType = image.png; path = airplane.png; sourceTree = "<group>"; };
		F5A6DB561810581A007D85C7 /* airplane@2x.png */ = {isa = PBXFileReference; lastKnownFileType = image.png; path = "airplane@2x.png"; sourceTree = "<group>"; };
		F5A6DB571810581A007D85C7 /* clip.png */ = {isa = PBXFileReference; lastKnownFileType = image.png; path = clip.png; sourceTree = "<group>"; };
		F5A6DB581810581A007D85C7 /* clip@2x.png */ = {isa = PBXFileReference; lastKnownFileType = image.png; path = "clip@2x.png"; sourceTree = "<group>"; };
		F5A6DB591810581A007D85C7 /* clipboard.png */ = {isa = PBXFileReference; lastKnownFileType = image.png; path = clipboard.png; sourceTree = "<group>"; };
		F5A6DB5A1810581A007D85C7 /* clipboard@2x.png */ = {isa = PBXFileReference; lastKnownFileType = image.png; path = "clipboard@2x.png"; sourceTree = "<group>"; };
		F5A6DB5B1810581A007D85C7 /* calendar.png */ = {isa = PBXFileReference; lastKnownFileType = image.png; path = calendar.png; sourceTree = "<group>"; };
		F5A6DB5C1810581A007D85C7 /* calendar@2x.png */ = {isa = PBXFileReference; lastKnownFileType = image.png; path = "calendar@2x.png"; sourceTree = "<group>"; };
		F5A6DB5E1810581A007D85C7 /* scale.png */ = {isa = PBXFileReference; lastKnownFileType = image.png; path = scale.png; sourceTree = "<group>"; };
		F5A6DB5F1810581A007D85C7 /* scale@2x.png */ = {isa = PBXFileReference; lastKnownFileType = image.png; path = "scale@2x.png"; sourceTree = "<group>"; };
		F5A6DB601810581A007D85C7 /* compass.png */ = {isa = PBXFileReference; lastKnownFileType = image.png; path = compass.png; sourceTree = "<group>"; };
		F5A6DB611810581A007D85C7 /* compass@2x.png */ = {isa = PBXFileReference; lastKnownFileType = image.png; path = "compass@2x.png"; sourceTree = "<group>"; };
		F5A6DB621810581A007D85C7 /* atom.png */ = {isa = PBXFileReference; lastKnownFileType = image.png; path = atom.png; sourceTree = "<group>"; };
		F5A6DB631810581A007D85C7 /* atom@2x.png */ = {isa = PBXFileReference; lastKnownFileType = image.png; path = "atom@2x.png"; sourceTree = "<group>"; };
		F5A6DB641810581A007D85C7 /* beaker.png */ = {isa = PBXFileReference; lastKnownFileType = image.png; path = beaker.png; sourceTree = "<group>"; };
		F5A6DB651810581A007D85C7 /* beaker@2x.png */ = {isa = PBXFileReference; lastKnownFileType = image.png; path = "beaker@2x.png"; sourceTree = "<group>"; };
		F5A6DB661810581A007D85C7 /* telescope.png */ = {isa = PBXFileReference; lastKnownFileType = image.png; path = telescope.png; sourceTree = "<group>"; };
		F5A6DB671810581A007D85C7 /* telescope@2x.png */ = {isa = PBXFileReference; lastKnownFileType = image.png; path = "telescope@2x.png"; sourceTree = "<group>"; };
		F5A6DB691810581A007D85C7 /* couldy.png */ = {isa = PBXFileReference; lastKnownFileType = image.png; path = couldy.png; sourceTree = "<group>"; };
		F5A6DB6A1810581A007D85C7 /* couldy@2x.png */ = {isa = PBXFileReference; lastKnownFileType = image.png; path = "couldy@2x.png"; sourceTree = "<group>"; };
		F5A6DB6B1810581A007D85C7 /* sunny.png */ = {isa = PBXFileReference; lastKnownFileType = image.png; path = sunny.png; sourceTree = "<group>"; };
		F5A6DB6C1810581A007D85C7 /* sunny@2x.png */ = {isa = PBXFileReference; lastKnownFileType = image.png; path = "sunny@2x.png"; sourceTree = "<group>"; };
		F5A6DB6D1810581A007D85C7 /* overcast.png */ = {isa = PBXFileReference; lastKnownFileType = image.png; path = overcast.png; sourceTree = "<group>"; };
		F5A6DB6E1810581A007D85C7 /* overcast@2x.png */ = {isa = PBXFileReference; lastKnownFileType = image.png; path = "overcast@2x.png"; sourceTree = "<group>"; };
		F5A6DB6F1810581A007D85C7 /* rainy.png */ = {isa = PBXFileReference; lastKnownFileType = image.png; path = rainy.png; sourceTree = "<group>"; };
		F5A6DB701810581A007D85C7 /* rainy@2x.png */ = {isa = PBXFileReference; lastKnownFileType = image.png; path = "rainy@2x.png"; sourceTree = "<group>"; };
		F5A6DB711810581A007D85C7 /* snowy.png */ = {isa = PBXFileReference; lastKnownFileType = image.png; path = snowy.png; sourceTree = "<group>"; };
		F5A6DB721810581A007D85C7 /* snowy@2x.png */ = {isa = PBXFileReference; lastKnownFileType = image.png; path = "snowy@2x.png"; sourceTree = "<group>"; };
		F5A9CFAE170EEFC900265826 /* en */ = {isa = PBXFileReference; lastKnownFileType = file.xib; name = en; path = en.lproj/BrDatePickerController.xib; sourceTree = "<group>"; };
		F5A9CFB0170EEFC900265826 /* en */ = {isa = PBXFileReference; lastKnownFileType = file.xib; name = en; path = en.lproj/BrFirstViewController.xib; sourceTree = "<group>"; };
		F5A9CFB2170EEFC900265826 /* en */ = {isa = PBXFileReference; lastKnownFileType = file.xib; name = en; path = en.lproj/BrTextRelatedController.xib; sourceTree = "<group>"; };
		F5A9CFB9170F0AB200265826 /* BrTableController.h */ = {isa = PBXFileReference; fileEncoding = 4; lastKnownFileType = sourcecode.c.h; path = BrTableController.h; sourceTree = "<group>"; };
		F5A9CFBA170F0AB200265826 /* BrTableController.m */ = {isa = PBXFileReference; fileEncoding = 4; lastKnownFileType = sourcecode.c.objc; path = BrTableController.m; sourceTree = "<group>"; };
		F5A9CFBE170F11BB00265826 /* en */ = {isa = PBXFileReference; lastKnownFileType = file.xib; name = en; path = en.lproj/BrTableController.xib; sourceTree = "<group>"; };
		F5A9CFC1170F12CF00265826 /* 259-list.png */ = {isa = PBXFileReference; lastKnownFileType = image.png; path = "259-list.png"; sourceTree = "<group>"; };
		F5A9CFC2170F12CF00265826 /* 259-list@2x.png */ = {isa = PBXFileReference; lastKnownFileType = image.png; path = "259-list@2x.png"; sourceTree = "<group>"; };
		F5ACF377180D4E500062E3D5 /* BrSliderController.h */ = {isa = PBXFileReference; fileEncoding = 4; lastKnownFileType = sourcecode.c.h; path = BrSliderController.h; sourceTree = "<group>"; };
		F5ACF378180D4E500062E3D5 /* BrSliderController.m */ = {isa = PBXFileReference; fileEncoding = 4; lastKnownFileType = sourcecode.c.objc; path = BrSliderController.m; sourceTree = "<group>"; };
		F5ACF37C180D4F440062E3D5 /* en */ = {isa = PBXFileReference; lastKnownFileType = file.xib; name = en; path = en.lproj/BrSliderController.xib; sourceTree = "<group>"; };
		F5ACF37F180D53BC0062E3D5 /* 833-diamond.png */ = {isa = PBXFileReference; lastKnownFileType = image.png; path = "833-diamond.png"; sourceTree = "<group>"; };
		F5ACF380180D53BC0062E3D5 /* 833-diamond@2x.png */ = {isa = PBXFileReference; lastKnownFileType = image.png; path = "833-diamond@2x.png"; sourceTree = "<group>"; };
		F5D6CA9117BB8D7A0084A5B2 /* cucumber.yml */ = {isa = PBXFileReference; lastKnownFileType = text; path = cucumber.yml; sourceTree = "<group>"; };
		c6425b650cbbd9f05994720c /* calabash.framework */ = {isa = PBXFileReference; fileEncoding = 4; lastKnownFileType = wrapper.framework; path = calabash.framework; sourceTree = "<group>"; };
		ff3dcd52060efbfc4f8a542e /* CFNetwork.framework */ = {isa = PBXFileReference; fileEncoding = 4; lastKnownFileType = wrapper.framework; name = CFNetwork.framework; path = System/Library/Frameworks/CFNetwork.framework; sourceTree = SDKROOT; };
/* End PBXFileReference section */

/* Begin PBXFrameworksBuildPhase section */
		7f7642a836cd061e9fa68808 /* Frameworks */ = {
			isa = PBXFrameworksBuildPhase;
			buildActionMask = 2147483647;
			files = (
				25af5ab6ef29f8d240675046 /* UIKit.framework in Frameworks */,
				01d93763067c68ff5edfb415 /* Foundation.framework in Frameworks */,
				532f1a9bf8dd52b64f741fd5 /* CoreGraphics.framework in Frameworks */,
				5f0fd17902431e7fd52dcdc4 /* CFNetwork.framework in Frameworks */,
				F58F093C16F33002007CFE50 /* MessageUI.framework in Frameworks */,
				c3cc1892a54542ba9cde1f42 /* calabash.framework in Frameworks */,
			);
			runOnlyForDeploymentPostprocessing = 0;
		};
		F568C41A16E3C256007797F1 /* Frameworks */ = {
			isa = PBXFrameworksBuildPhase;
			buildActionMask = 2147483647;
			files = (
				F58F093B16F32FF9007CFE50 /* MessageUI.framework in Frameworks */,
				F568C42116E3C256007797F1 /* UIKit.framework in Frameworks */,
				F568C42316E3C256007797F1 /* Foundation.framework in Frameworks */,
				F568C42516E3C256007797F1 /* CoreGraphics.framework in Frameworks */,
			);
			runOnlyForDeploymentPostprocessing = 0;
		};
/* End PBXFrameworksBuildPhase section */

/* Begin PBXGroup section */
		F51F12BB171884ED00809626 /* backgrounds */ = {
			isa = PBXGroup;
			children = (
				F51F12BC171884ED00809626 /* blueprint-background-320x480.png */,
				F51F12BD171884ED00809626 /* blueprint-background-320x480@2x.png */,
			);
			path = backgrounds;
			sourceTree = "<group>";
		};
		F568C41416E3C256007797F1 = {
			isa = PBXGroup;
			children = (
				F5D6CA9117BB8D7A0084A5B2 /* cucumber.yml */,
				F568C42616E3C256007797F1 /* Briar */,
				F568C41F16E3C256007797F1 /* Frameworks */,
				F568C41E16E3C256007797F1 /* Products */,
			);
			sourceTree = "<group>";
		};
		F568C41E16E3C256007797F1 /* Products */ = {
			isa = PBXGroup;
			children = (
				F568C41D16E3C256007797F1 /* Briar.app */,
				F548D2BA16E3E1F3003D2CD0 /* Briar-cal.app */,
			);
			name = Products;
			sourceTree = "<group>";
		};
		F568C41F16E3C256007797F1 /* Frameworks */ = {
			isa = PBXGroup;
			children = (
				F58F093A16F32FF9007CFE50 /* MessageUI.framework */,
				F568C42016E3C256007797F1 /* UIKit.framework */,
				F568C42216E3C256007797F1 /* Foundation.framework */,
				F568C42416E3C256007797F1 /* CoreGraphics.framework */,
				ff3dcd52060efbfc4f8a542e /* CFNetwork.framework */,
				c6425b650cbbd9f05994720c /* calabash.framework */,
			);
			name = Frameworks;
			sourceTree = "<group>";
		};
		F568C42616E3C256007797F1 /* Briar */ = {
			isa = PBXGroup;
			children = (
				F568C42F16E3C256007797F1 /* BrAppDelegate.h */,
				F568C43016E3C256007797F1 /* BrAppDelegate.m */,
				F56BAB7516FCAAF400AB8578 /* BrGlobals.h */,
				F56BAB7616FCAAF400AB8578 /* BrGlobals.m */,
				F58F093116F29CD6007CFE50 /* BrCategories.h */,
				F58F093216F29CD6007CFE50 /* BrCategories.m */,
				F56BAB7016FCA9DF00AB8578 /* Views */,
				F56BAB5916FCA42900AB8578 /* Controllers */,
				F568C45A16E3C6A8007797F1 /* XIB */,
				F568C45116E3C69C007797F1 /* artwork */,
				F568C42716E3C256007797F1 /* Supporting Files */,
			);
			path = Briar;
			sourceTree = "<group>";
		};
		F568C42716E3C256007797F1 /* Supporting Files */ = {
			isa = PBXGroup;
			children = (
				F568C42816E3C256007797F1 /* Briar-Info.plist */,
				F568C42916E3C256007797F1 /* InfoPlist.strings */,
				F568C42C16E3C256007797F1 /* main.m */,
				F568C42E16E3C256007797F1 /* Briar-Prefix.pch */,
			);
			name = "Supporting Files";
			sourceTree = "<group>";
		};
		F568C45116E3C69C007797F1 /* artwork */ = {
			isa = PBXGroup;
			children = (
				F5A6DB461810581A007D85C7 /* slider-images */,
				F5ACF37F180D53BC0062E3D5 /* 833-diamond.png */,
				F5ACF380180D53BC0062E3D5 /* 833-diamond@2x.png */,
				F51F12BB171884ED00809626 /* backgrounds */,
				F5A9CFC1170F12CF00265826 /* 259-list.png */,
				F5A9CFC2170F12CF00265826 /* 259-list@2x.png */,
				F568C45B16E3C6C7007797F1 /* required-artwork */,
				F56BAB6A16FCA5C500AB8578 /* 11-clock.png */,
				F56BAB6B16FCA5C500AB8578 /* 11-clock@2x.png */,
				F568C45216E3C69C007797F1 /* first.png */,
				F568C45316E3C69C007797F1 /* first@2x.png */,
				F568C45416E3C69C007797F1 /* second.png */,
				F568C45516E3C69C007797F1 /* second@2x.png */,
			);
			path = artwork;
			sourceTree = "<group>";
		};
		F568C45A16E3C6A8007797F1 /* XIB */ = {
			isa = PBXGroup;
			children = (
				F5ACF37B180D4F440062E3D5 /* BrSliderController.xib */,
				F5A9CFAD170EEFC900265826 /* BrDatePickerController.xib */,
				F5A9CFAF170EEFC900265826 /* BrFirstViewController.xib */,
				F5A9CFB1170EEFC900265826 /* BrTextRelatedController.xib */,
				F5A9CFBD170F11BB00265826 /* BrTableController.xib */,
			);
			name = XIB;
			sourceTree = "<group>";
		};
		F568C45B16E3C6C7007797F1 /* required-artwork */ = {
			isa = PBXGroup;
			children = (
				F568C45C16E3C6F2007797F1 /* Icon-72.png */,
				F568C45D16E3C6F2007797F1 /* Icon-72@2x.png */,
				F568C45E16E3C6F2007797F1 /* Icon-Small-50.png */,
				F568C45F16E3C6F2007797F1 /* Icon-Small.png */,
				F568C46016E3C6F2007797F1 /* Icon-Small@2x.png */,
				F568C46116E3C6F2007797F1 /* Icon.png */,
				F568C46216E3C6F2007797F1 /* Icon@2x.png */,
				F568C46316E3C6F2007797F1 /* iTunesArtwork */,
				F568C46416E3C6F2007797F1 /* iTunesArtwork@2x */,
				F568C43216E3C256007797F1 /* Default.png */,
				F568C43416E3C256007797F1 /* Default@2x.png */,
				F568C43616E3C256007797F1 /* Default-568h@2x.png */,
			);
			name = "required-artwork";
			sourceTree = "<group>";
		};
		F56BAB5916FCA42900AB8578 /* Controllers */ = {
			isa = PBXGroup;
			children = (
				F591380A17C3D3AB007B2BE4 /* BrTabBarController.h */,
				F591380B17C3D3AB007B2BE4 /* BrTabBarController.m */,
				F591380617C3D2CE007B2BE4 /* BrNavigationController.h */,
				F591380717C3D2CE007B2BE4 /* BrNavigationController.m */,
				F56BAB5A16FCA42900AB8578 /* BrController.h */,
				F56BAB5B16FCA42900AB8578 /* BrController.m */,
				F56BAB5E16FCA45F00AB8578 /* BrDatePickerController.h */,
				F56BAB5F16FCA45F00AB8578 /* BrDatePickerController.m */,
				F56BAB6016FCA45F00AB8578 /* BrFirstViewController.h */,
				F56BAB6116FCA45F00AB8578 /* BrFirstViewController.m */,
				F56BAB6216FCA45F00AB8578 /* BrTextRelatedController.h */,
				F56BAB6316FCA45F00AB8578 /* BrTextRelatedController.m */,
				F5A9CFB9170F0AB200265826 /* BrTableController.h */,
				F5A9CFBA170F0AB200265826 /* BrTableController.m */,
				F5ACF377180D4E500062E3D5 /* BrSliderController.h */,
				F5ACF378180D4E500062E3D5 /* BrSliderController.m */,
			);
			path = Controllers;
			sourceTree = "<group>";
		};
		F56BAB7016FCA9DF00AB8578 /* Views */ = {
			isa = PBXGroup;
			children = (
				F56BAB7116FCA9DF00AB8578 /* BrDatePickerView.h */,
				F56BAB7216FCA9DF00AB8578 /* BrDatePickerView.m */,
				F5A6DB4218104CBB007D85C7 /* BrSliderView.h */,
				F5A6DB4318104CBB007D85C7 /* BrSliderView.m */,
			);
			path = Views;
			sourceTree = "<group>";
		};
		F5A6DB461810581A007D85C7 /* slider-images */ = {
			isa = PBXGroup;
			children = (
				F5A6DB471810581A007D85C7 /* emoticon */,
				F5A6DB521810581A007D85C7 /* office */,
				F5A6DB5D1810581A007D85C7 /* science */,
				F5A6DB681810581A007D85C7 /* weather */,
			);
			path = "slider-images";
			sourceTree = "<group>";
		};
		F5A6DB471810581A007D85C7 /* emoticon */ = {
			isa = PBXGroup;
			children = (
				F5A6DB481810581A007D85C7 /* anxious.png */,
				F5A6DB491810581A007D85C7 /* anxious@2x.png */,
				F5A6DB4A1810581A007D85C7 /* bored.png */,
				F5A6DB4B1810581A007D85C7 /* bored@2x.png */,
				F5A6DB4C1810581A007D85C7 /* calm.png */,
				F5A6DB4D1810581A007D85C7 /* calm@2x.png */,
				F5A6DB4E1810581A007D85C7 /* happy.png */,
				F5A6DB4F1810581A007D85C7 /* happy@2x.png */,
				F5A6DB501810581A007D85C7 /* sad.png */,
				F5A6DB511810581A007D85C7 /* sad@2x.png */,
			);
			path = emoticon;
			sourceTree = "<group>";
		};
		F5A6DB521810581A007D85C7 /* office */ = {
			isa = PBXGroup;
			children = (
				F5A6DB531810581A007D85C7 /* cabinet.png */,
				F5A6DB541810581A007D85C7 /* cabinet@2x.png */,
				F5A6DB551810581A007D85C7 /* airplane.png */,
				F5A6DB561810581A007D85C7 /* airplane@2x.png */,
				F5A6DB571810581A007D85C7 /* clip.png */,
				F5A6DB581810581A007D85C7 /* clip@2x.png */,
				F5A6DB591810581A007D85C7 /* clipboard.png */,
				F5A6DB5A1810581A007D85C7 /* clipboard@2x.png */,
				F5A6DB5B1810581A007D85C7 /* calendar.png */,
				F5A6DB5C1810581A007D85C7 /* calendar@2x.png */,
			);
			path = office;
			sourceTree = "<group>";
		};
		F5A6DB5D1810581A007D85C7 /* science */ = {
			isa = PBXGroup;
			children = (
				F5A6DB5E1810581A007D85C7 /* scale.png */,
				F5A6DB5F1810581A007D85C7 /* scale@2x.png */,
				F5A6DB601810581A007D85C7 /* compass.png */,
				F5A6DB611810581A007D85C7 /* compass@2x.png */,
				F5A6DB621810581A007D85C7 /* atom.png */,
				F5A6DB631810581A007D85C7 /* atom@2x.png */,
				F5A6DB641810581A007D85C7 /* beaker.png */,
				F5A6DB651810581A007D85C7 /* beaker@2x.png */,
				F5A6DB661810581A007D85C7 /* telescope.png */,
				F5A6DB671810581A007D85C7 /* telescope@2x.png */,
			);
			path = science;
			sourceTree = "<group>";
		};
		F5A6DB681810581A007D85C7 /* weather */ = {
			isa = PBXGroup;
			children = (
				F5A6DB691810581A007D85C7 /* couldy.png */,
				F5A6DB6A1810581A007D85C7 /* couldy@2x.png */,
				F5A6DB6B1810581A007D85C7 /* sunny.png */,
				F5A6DB6C1810581A007D85C7 /* sunny@2x.png */,
				F5A6DB6D1810581A007D85C7 /* overcast.png */,
				F5A6DB6E1810581A007D85C7 /* overcast@2x.png */,
				F5A6DB6F1810581A007D85C7 /* rainy.png */,
				F5A6DB701810581A007D85C7 /* rainy@2x.png */,
				F5A6DB711810581A007D85C7 /* snowy.png */,
				F5A6DB721810581A007D85C7 /* snowy@2x.png */,
			);
			path = weather;
			sourceTree = "<group>";
		};
/* End PBXGroup section */

/* Begin PBXNativeTarget section */
		0bea02fe1a89a1d839eb1977 /* Briar-cal */ = {
			isa = PBXNativeTarget;
			buildConfigurationList = ccd2c07834634f0ece1d0906 /* Build configuration list for PBXNativeTarget "Briar-cal" */;
			buildPhases = (
				110f4bb952539397a664980e /* Run Script versioning */,
				096bb38a15c4380072adb3a3 /* Sources */,
				7f7642a836cd061e9fa68808 /* Frameworks */,
				c418708b56631e5eb9d8a697 /* Resources */,
			);
			buildRules = (
			);
			dependencies = (
				F568C47416E3C94A007797F1 /* PBXTargetDependency */,
			);
			name = "Briar-cal";
			productName = "Briar-cal";
			productReference = F548D2BA16E3E1F3003D2CD0 /* Briar-cal.app */;
			productType = "com.apple.product-type.application";
		};
		F568C41C16E3C256007797F1 /* Briar */ = {
			isa = PBXNativeTarget;
			buildConfigurationList = F568C44E16E3C256007797F1 /* Build configuration list for PBXNativeTarget "Briar" */;
			buildPhases = (
				F568C47516E3C984007797F1 /* Run Script versioning */,
				F568C41916E3C256007797F1 /* Sources */,
				F568C41A16E3C256007797F1 /* Frameworks */,
				F568C41B16E3C256007797F1 /* Resources */,
			);
			buildRules = (
			);
			dependencies = (
				F568C47416E3C94A007797F1 /* PBXTargetDependency */,
			);
			name = Briar;
			productName = Briar;
			productReference = F568C41D16E3C256007797F1 /* Briar.app */;
			productType = "com.apple.product-type.application";
		};
/* End PBXNativeTarget section */

/* Begin PBXProject section */
		F568C41516E3C256007797F1 /* Project object */ = {
			isa = PBXProject;
			attributes = {
				CLASSPREFIX = BR;
				LastUpgradeCheck = 0460;
				ORGANIZATIONNAME = "Little Joy Software";
			};
			buildConfigurationList = F568C41816E3C256007797F1 /* Build configuration list for PBXProject "Briar" */;
			compatibilityVersion = "Xcode 3.2";
			developmentRegion = English;
			hasScannedForEncodings = 0;
			knownRegions = (
				en,
			);
			mainGroup = F568C41416E3C256007797F1;
			productRefGroup = F568C41E16E3C256007797F1 /* Products */;
			projectDirPath = "";
			projectRoot = "";
			targets = (
				F568C41C16E3C256007797F1 /* Briar */,
				0bea02fe1a89a1d839eb1977 /* Briar-cal */,
				F568C46E16E3C8EB007797F1 /* versioning */,
			);
		};
/* End PBXProject section */

/* Begin PBXResourcesBuildPhase section */
		F568C41B16E3C256007797F1 /* Resources */ = {
			isa = PBXResourcesBuildPhase;
			buildActionMask = 2147483647;
			files = (
				F5A6DBC11810581A007D85C7 /* snowy@2x.png in Resources */,
				F5A6DBA71810581A007D85C7 /* beaker.png in Resources */,
				F5ACF381180D53BC0062E3D5 /* 833-diamond.png in Resources */,
				F568C42B16E3C256007797F1 /* InfoPlist.strings in Resources */,
				F5A6DBBB1810581A007D85C7 /* rainy.png in Resources */,
				F5A6DB971810581A007D85C7 /* calendar.png in Resources */,
				F568C43316E3C256007797F1 /* Default.png in Resources */,
				F5A6DB871810581A007D85C7 /* cabinet.png in Resources */,
				F5A6DBBD1810581A007D85C7 /* rainy@2x.png in Resources */,
				F568C43516E3C256007797F1 /* Default@2x.png in Resources */,
				F5A6DBAD1810581A007D85C7 /* telescope@2x.png in Resources */,
				F5A6DBAB1810581A007D85C7 /* telescope.png in Resources */,
				F568C43716E3C256007797F1 /* Default-568h@2x.png in Resources */,
				F5A6DB7F1810581A007D85C7 /* happy.png in Resources */,
				F568C45616E3C69C007797F1 /* first.png in Resources */,
				F5A6DB831810581A007D85C7 /* sad.png in Resources */,
				F568C45716E3C69C007797F1 /* first@2x.png in Resources */,
				F568C45816E3C69C007797F1 /* second.png in Resources */,
				F5A6DBB71810581A007D85C7 /* overcast.png in Resources */,
				F568C45916E3C69C007797F1 /* second@2x.png in Resources */,
				F5A6DB911810581A007D85C7 /* clip@2x.png in Resources */,
				F568C46516E3C6F2007797F1 /* Icon-72.png in Resources */,
				F568C46616E3C6F2007797F1 /* Icon-72@2x.png in Resources */,
				F568C46716E3C6F2007797F1 /* Icon-Small-50.png in Resources */,
				F5A6DB8D1810581A007D85C7 /* airplane@2x.png in Resources */,
				F568C46816E3C6F2007797F1 /* Icon-Small.png in Resources */,
				F5A6DB811810581A007D85C7 /* happy@2x.png in Resources */,
				F568C46916E3C6F2007797F1 /* Icon-Small@2x.png in Resources */,
				F5A6DB891810581A007D85C7 /* cabinet@2x.png in Resources */,
				F568C46A16E3C6F2007797F1 /* Icon.png in Resources */,
				F5A6DB771810581A007D85C7 /* bored.png in Resources */,
				F5A6DBA51810581A007D85C7 /* atom@2x.png in Resources */,
				F5ACF37D180D4F440062E3D5 /* BrSliderController.xib in Resources */,
				F568C46B16E3C6F2007797F1 /* Icon@2x.png in Resources */,
				F5A6DBB11810581A007D85C7 /* couldy@2x.png in Resources */,
				F5A6DB8B1810581A007D85C7 /* airplane.png in Resources */,
				F568C46C16E3C6F2007797F1 /* iTunesArtwork in Resources */,
				F5A6DB8F1810581A007D85C7 /* clip.png in Resources */,
				F568C46D16E3C6F2007797F1 /* iTunesArtwork@2x in Resources */,
				F56BAB6C16FCA5C500AB8578 /* 11-clock.png in Resources */,
				F5A6DB991810581A007D85C7 /* calendar@2x.png in Resources */,
				F5ACF383180D53BC0062E3D5 /* 833-diamond@2x.png in Resources */,
				F5A6DB951810581A007D85C7 /* clipboard@2x.png in Resources */,
				F5A6DBAF1810581A007D85C7 /* couldy.png in Resources */,
				F5A6DBA91810581A007D85C7 /* beaker@2x.png in Resources */,
				F56BAB6E16FCA5C500AB8578 /* 11-clock@2x.png in Resources */,
				F5A6DBA11810581A007D85C7 /* compass@2x.png in Resources */,
				F5A6DB7B1810581A007D85C7 /* calm.png in Resources */,
				F5A9CFB3170EEFC900265826 /* BrDatePickerController.xib in Resources */,
				F5A9CFB5170EEFC900265826 /* BrFirstViewController.xib in Resources */,
				F5A6DBB51810581A007D85C7 /* sunny@2x.png in Resources */,
				F5A6DB9D1810581A007D85C7 /* scale@2x.png in Resources */,
				F5A9CFB7170EEFC900265826 /* BrTextRelatedController.xib in Resources */,
				F5A6DB791810581A007D85C7 /* bored@2x.png in Resources */,
				F5A6DBA31810581A007D85C7 /* atom.png in Resources */,
				F5A6DB751810581A007D85C7 /* anxious@2x.png in Resources */,
				F5A9CFBF170F11BB00265826 /* BrTableController.xib in Resources */,
				F5A6DB9B1810581A007D85C7 /* scale.png in Resources */,
				F5A6DB731810581A007D85C7 /* anxious.png in Resources */,
				F5A9CFC3170F12CF00265826 /* 259-list.png in Resources */,
				F5A6DB9F1810581A007D85C7 /* compass.png in Resources */,
				F5A6DB7D1810581A007D85C7 /* calm@2x.png in Resources */,
				F5A6DB931810581A007D85C7 /* clipboard.png in Resources */,
				F5A6DBB91810581A007D85C7 /* overcast@2x.png in Resources */,
				F5A9CFC5170F12CF00265826 /* 259-list@2x.png in Resources */,
				F51F12BE171884ED00809626 /* blueprint-background-320x480.png in Resources */,
				F5A6DBB31810581A007D85C7 /* sunny.png in Resources */,
				F5A6DB851810581A007D85C7 /* sad@2x.png in Resources */,
				F51F12C0171884ED00809626 /* blueprint-background-320x480@2x.png in Resources */,
				F5A6DBBF1810581A007D85C7 /* snowy.png in Resources */,
			);
			runOnlyForDeploymentPostprocessing = 0;
		};
		c418708b56631e5eb9d8a697 /* Resources */ = {
			isa = PBXResourcesBuildPhase;
			buildActionMask = 2147483647;
			files = (
				F5A6DBC21810581A007D85C7 /* snowy@2x.png in Resources */,
				F5A6DBA81810581A007D85C7 /* beaker.png in Resources */,
				F5ACF382180D53BC0062E3D5 /* 833-diamond.png in Resources */,
				ed606ba9927d8c66d53a1e75 /* InfoPlist.strings in Resources */,
				F5A6DBBC1810581A007D85C7 /* rainy.png in Resources */,
				F5A6DB981810581A007D85C7 /* calendar.png in Resources */,
				d256dff5b9aeb3324a8009c9 /* Default.png in Resources */,
				F5A6DB881810581A007D85C7 /* cabinet.png in Resources */,
				F5A6DBBE1810581A007D85C7 /* rainy@2x.png in Resources */,
				aa3541c626e9a05f9ce05e6d /* Default@2x.png in Resources */,
				F5A6DBAE1810581A007D85C7 /* telescope@2x.png in Resources */,
				F5A6DBAC1810581A007D85C7 /* telescope.png in Resources */,
				30ee42a2bc135b006f397b71 /* Default-568h@2x.png in Resources */,
				F5A6DB801810581A007D85C7 /* happy.png in Resources */,
				d4844386f5190d7484340315 /* first.png in Resources */,
				F5A6DB841810581A007D85C7 /* sad.png in Resources */,
				e20f57209fc5a8a2af660f73 /* first@2x.png in Resources */,
				057f6664908d0a0ec2a2034a /* second.png in Resources */,
				F5A6DBB81810581A007D85C7 /* overcast.png in Resources */,
				3c10e85b30a66b77009a1ccc /* second@2x.png in Resources */,
				F5A6DB921810581A007D85C7 /* clip@2x.png in Resources */,
				23b78a523c28d71ae6892ce3 /* Icon-72.png in Resources */,
				2fac437ae5a7eef244390b77 /* Icon-72@2x.png in Resources */,
				3f744665f593b89dc3f47464 /* Icon-Small-50.png in Resources */,
				F5A6DB8E1810581A007D85C7 /* airplane@2x.png in Resources */,
				b8fdd38325a6b1a766af9175 /* Icon-Small.png in Resources */,
				F5A6DB821810581A007D85C7 /* happy@2x.png in Resources */,
				8e2359e8cb78e16bc7c93e82 /* Icon-Small@2x.png in Resources */,
				F5A6DB8A1810581A007D85C7 /* cabinet@2x.png in Resources */,
				528fac7a775919ed58477c54 /* Icon.png in Resources */,
				F5A6DB781810581A007D85C7 /* bored.png in Resources */,
				F5A6DBA61810581A007D85C7 /* atom@2x.png in Resources */,
				F5ACF37E180D4F440062E3D5 /* BrSliderController.xib in Resources */,
				605bd3871f647141ad259754 /* Icon@2x.png in Resources */,
				F5A6DBB21810581A007D85C7 /* couldy@2x.png in Resources */,
				F5A6DB8C1810581A007D85C7 /* airplane.png in Resources */,
				553e655fbe2433cbff10ac67 /* iTunesArtwork in Resources */,
				F5A6DB901810581A007D85C7 /* clip.png in Resources */,
				33d4d298137d5d41d434537a /* iTunesArtwork@2x in Resources */,
				F56BAB6D16FCA5C500AB8578 /* 11-clock.png in Resources */,
				F5A6DB9A1810581A007D85C7 /* calendar@2x.png in Resources */,
				F5ACF384180D53BC0062E3D5 /* 833-diamond@2x.png in Resources */,
				F5A6DB961810581A007D85C7 /* clipboard@2x.png in Resources */,
				F5A6DBB01810581A007D85C7 /* couldy.png in Resources */,
				F5A6DBAA1810581A007D85C7 /* beaker@2x.png in Resources */,
				F56BAB6F16FCA5C500AB8578 /* 11-clock@2x.png in Resources */,
				F5A6DBA21810581A007D85C7 /* compass@2x.png in Resources */,
				F5A6DB7C1810581A007D85C7 /* calm.png in Resources */,
				F5A9CFB4170EEFC900265826 /* BrDatePickerController.xib in Resources */,
				F5A9CFB6170EEFC900265826 /* BrFirstViewController.xib in Resources */,
				F5A6DBB61810581A007D85C7 /* sunny@2x.png in Resources */,
				F5A6DB9E1810581A007D85C7 /* scale@2x.png in Resources */,
				F5A9CFB8170EEFC900265826 /* BrTextRelatedController.xib in Resources */,
				F5A6DB7A1810581A007D85C7 /* bored@2x.png in Resources */,
				F5A6DBA41810581A007D85C7 /* atom.png in Resources */,
				F5A6DB761810581A007D85C7 /* anxious@2x.png in Resources */,
				F5A9CFC0170F11BB00265826 /* BrTableController.xib in Resources */,
				F5A6DB9C1810581A007D85C7 /* scale.png in Resources */,
				F5A6DB741810581A007D85C7 /* anxious.png in Resources */,
				F5A9CFC4170F12CF00265826 /* 259-list.png in Resources */,
				F5A6DBA01810581A007D85C7 /* compass.png in Resources */,
				F5A6DB7E1810581A007D85C7 /* calm@2x.png in Resources */,
				F5A6DB941810581A007D85C7 /* clipboard.png in Resources */,
				F5A6DBBA1810581A007D85C7 /* overcast@2x.png in Resources */,
				F5A9CFC6170F12CF00265826 /* 259-list@2x.png in Resources */,
				F51F12BF171884ED00809626 /* blueprint-background-320x480.png in Resources */,
				F5A6DBB41810581A007D85C7 /* sunny.png in Resources */,
				F5A6DB861810581A007D85C7 /* sad@2x.png in Resources */,
				F51F12C1171884ED00809626 /* blueprint-background-320x480@2x.png in Resources */,
				F5A6DBC01810581A007D85C7 /* snowy.png in Resources */,
			);
			runOnlyForDeploymentPostprocessing = 0;
		};
/* End PBXResourcesBuildPhase section */

/* Begin PBXShellScriptBuildPhase section */
		110f4bb952539397a664980e /* Run Script versioning */ = {
			isa = PBXShellScriptBuildPhase;
			buildActionMask = 2147483647;
			files = (
			);
			inputPaths = (
			);
			name = "Run Script versioning";
			outputPaths = (
			);
			runOnlyForDeploymentPostprocessing = 0;
			shellPath = /bin/bash;
			shellScript = "PlistBuddyPath=/usr/libexec/PlistBuddy\nRISEUP_INFOPLIST=\"Briar/Briar-Info.plist\"\nCFBundleShortVersionString=$(\"$PlistBuddyPath\" -c \"Print CFBundleShortVersionString\" \"$RISEUP_INFOPLIST\")\necho \"INFO: found ${RISEUP_INFOPLIST} has CFBundleShortVersionString = ${CFBundleShortVersionString}\"\necho \"INFO: setting our CFBundleVersion and CFBundleShortVersionString to the same\"\n\"$PlistBuddyPath\" -c \"Set :CFBundleVersion $CFBundleShortVersionString\" \"$INFOPLIST_FILE\"\n\"$PlistBuddyPath\" -c \"Set :CFBundleShortVersionString $CFBundleShortVersionString\" \"$INFOPLIST_FILE\"\necho \"INFO: checking to see if LJSGitShortRevision is set to GIT_SHORT_REVISION\"\n\nLJSGitShortRevision=$(\"$PlistBuddyPath\" -c \"Print LJSGitShortRevision\" \"$INFOPLIST_FILE\")\n#echo \"$PlistBuddyPath -c \\\"Print LJSGitShortRevision\\\" $INFOPLIST_FILE\"\n# if the git short revision does not exist, create it\nif [ `echo $?` != 0 ];\nthen\necho \"INFO:  no entry for LJSGitShortRevision in ${INFOPLIST_FILE}, so we create it\"\n\"$PlistBuddyPath\" -c \"Add :LJSGitShortRevision string GIT_SHORT_REVISION\" \"$INFOPLIST_FILE\"\nelif  [ \"${LJSGitShortRevision}\" != \"GIT_SHORT_REVISION\" ];\nthen\necho \"WARN: found that LJSGitShortRevision = ${LJSGitShortRevision} which is not correct - resetting\"\n\"$PlistBuddyPath\" -c \"Set :LJSGitShortRevision GIT_SHORT_REVISION\" \"$INFOPLIST_FILE\"\nelse\necho \"INFO:  LJSGitShortRevision is ${LJSGitShortRevision} which is correct\"\nfi\n";
			showEnvVarsInLog = 0;
		};
		F568C47216E3C90D007797F1 /* ShellScript */ = {
			isa = PBXShellScriptBuildPhase;
			buildActionMask = 2147483647;
			files = (
			);
			inputPaths = (
			);
			outputPaths = (
			);
			runOnlyForDeploymentPostprocessing = 0;
			shellPath = /bin/sh;
			shellScript = "gitpath=`which git`\nGITREV=`$gitpath rev-parse --short HEAD`\necho \"INFO: setting the GIT_SHORT_REVISION = ${GITREV} in InfoPlist.h\"\necho \"#define GIT_SHORT_REVISION ${GITREV}\" > InfoPlist.h\necho \"INFO: touching Info.plist\"\ntouch Briar/Briar-Info.plist\ntouch Briar-cal-Info.plist";
		};
		F568C47516E3C984007797F1 /* Run Script versioning */ = {
			isa = PBXShellScriptBuildPhase;
			buildActionMask = 2147483647;
			files = (
			);
			inputPaths = (
			);
			name = "Run Script versioning";
			outputPaths = (
			);
			runOnlyForDeploymentPostprocessing = 0;
			shellPath = /bin/bash;
			shellScript = "bash versioning.bash \"${CONFIGURATION}\" \"${INFOPLIST_FILE}\" AppStore";
			showEnvVarsInLog = 0;
		};
/* End PBXShellScriptBuildPhase section */

/* Begin PBXSourcesBuildPhase section */
		096bb38a15c4380072adb3a3 /* Sources */ = {
			isa = PBXSourcesBuildPhase;
			buildActionMask = 2147483647;
			files = (
				1f98f617997352fa5d3376fb /* main.m in Sources */,
				F5ACF37A180D4E500062E3D5 /* BrSliderController.m in Sources */,
				07719336d66c1ae0e689616e /* BrAppDelegate.m in Sources */,
				F58F093416F29CD6007CFE50 /* BrCategories.m in Sources */,
				F56BAB5D16FCA42900AB8578 /* BrController.m in Sources */,
				F56BAB6516FCA45F00AB8578 /* BrDatePickerController.m in Sources */,
				F56BAB6716FCA45F00AB8578 /* BrFirstViewController.m in Sources */,
				F56BAB6916FCA45F00AB8578 /* BrTextRelatedController.m in Sources */,
				F56BAB7416FCA9DF00AB8578 /* BrDatePickerView.m in Sources */,
				F56BAB7816FCAAF400AB8578 /* BrGlobals.m in Sources */,
				F5A9CFBC170F0AB200265826 /* BrTableController.m in Sources */,
				F591380917C3D2CE007B2BE4 /* BrNavigationController.m in Sources */,
				F591380D17C3D3AB007B2BE4 /* BrTabBarController.m in Sources */,
				F5A6DB4518104CBB007D85C7 /* BrSliderView.m in Sources */,
			);
			runOnlyForDeploymentPostprocessing = 0;
		};
		F568C41916E3C256007797F1 /* Sources */ = {
			isa = PBXSourcesBuildPhase;
			buildActionMask = 2147483647;
			files = (
				F568C42D16E3C256007797F1 /* main.m in Sources */,
				F5ACF379180D4E500062E3D5 /* BrSliderController.m in Sources */,
				F568C43116E3C256007797F1 /* BrAppDelegate.m in Sources */,
				F58F093316F29CD6007CFE50 /* BrCategories.m in Sources */,
				F56BAB5C16FCA42900AB8578 /* BrController.m in Sources */,
				F56BAB6416FCA45F00AB8578 /* BrDatePickerController.m in Sources */,
				F56BAB6616FCA45F00AB8578 /* BrFirstViewController.m in Sources */,
				F56BAB6816FCA45F00AB8578 /* BrTextRelatedController.m in Sources */,
				F56BAB7316FCA9DF00AB8578 /* BrDatePickerView.m in Sources */,
				F56BAB7716FCAAF400AB8578 /* BrGlobals.m in Sources */,
				F5A9CFBB170F0AB200265826 /* BrTableController.m in Sources */,
				F591380817C3D2CE007B2BE4 /* BrNavigationController.m in Sources */,
				F591380C17C3D3AB007B2BE4 /* BrTabBarController.m in Sources */,
				F5A6DB4418104CBB007D85C7 /* BrSliderView.m in Sources */,
			);
			runOnlyForDeploymentPostprocessing = 0;
		};
/* End PBXSourcesBuildPhase section */

/* Begin PBXTargetDependency section */
		F568C47416E3C94A007797F1 /* PBXTargetDependency */ = {
			isa = PBXTargetDependency;
			target = F568C46E16E3C8EB007797F1 /* versioning */;
			targetProxy = F568C47316E3C94A007797F1 /* PBXContainerItemProxy */;
		};
/* End PBXTargetDependency section */

/* Begin PBXVariantGroup section */
		F568C42916E3C256007797F1 /* InfoPlist.strings */ = {
			isa = PBXVariantGroup;
			children = (
				F568C42A16E3C256007797F1 /* en */,
			);
			name = InfoPlist.strings;
			sourceTree = "<group>";
		};
		F5A9CFAD170EEFC900265826 /* BrDatePickerController.xib */ = {
			isa = PBXVariantGroup;
			children = (
				F5A9CFAE170EEFC900265826 /* en */,
			);
			name = BrDatePickerController.xib;
			sourceTree = "<group>";
		};
		F5A9CFAF170EEFC900265826 /* BrFirstViewController.xib */ = {
			isa = PBXVariantGroup;
			children = (
				F5A9CFB0170EEFC900265826 /* en */,
			);
			name = BrFirstViewController.xib;
			sourceTree = "<group>";
		};
		F5A9CFB1170EEFC900265826 /* BrTextRelatedController.xib */ = {
			isa = PBXVariantGroup;
			children = (
				F5A9CFB2170EEFC900265826 /* en */,
			);
			name = BrTextRelatedController.xib;
			sourceTree = "<group>";
		};
		F5A9CFBD170F11BB00265826 /* BrTableController.xib */ = {
			isa = PBXVariantGroup;
			children = (
				F5A9CFBE170F11BB00265826 /* en */,
			);
			name = BrTableController.xib;
			sourceTree = "<group>";
		};
		F5ACF37B180D4F440062E3D5 /* BrSliderController.xib */ = {
			isa = PBXVariantGroup;
			children = (
				F5ACF37C180D4F440062E3D5 /* en */,
			);
			name = BrSliderController.xib;
			sourceTree = "<group>";
		};
/* End PBXVariantGroup section */

/* Begin XCBuildConfiguration section */
		09608ca2daa71133ce45a388 /* Debug */ = {
			isa = XCBuildConfiguration;
			buildSettings = {
				CODE_SIGN_IDENTITY = "iPhone Developer";
				FRAMEWORK_SEARCH_PATHS = (
					"$(inherited)",
					"\"$(SRCROOT)\"",
				);
				GCC_PRECOMPILE_PREFIX_HEADER = YES;
				GCC_PREFIX_HEADER = "Briar/Briar-Prefix.pch";
				INFOPLIST_FILE = "Briar/Briar-Info.plist";
				IPHONEOS_DEPLOYMENT_TARGET = 5.0;
				OTHER_LDFLAGS = (
					"$(inherited)",
					"-force_load",
					"\"$(SRCROOT)/calabash.framework/calabash\"",
					"-lstdc++",
				);
				PRODUCT_NAME = "$(TARGET_NAME)";
				PROVISIONING_PROFILE = "";
				TARGETED_DEVICE_FAMILY = "1,2";
				WRAPPER_EXTENSION = app;
			};
			name = Debug;
		};
		396afcd2026cd49222fd301b /* AdHoc */ = {
			isa = XCBuildConfiguration;
			buildSettings = {
				CODE_SIGN_IDENTITY = "iPhone Developer";
				FRAMEWORK_SEARCH_PATHS = (
					"$(inherited)",
					"\"$(SRCROOT)\"",
				);
				GCC_PRECOMPILE_PREFIX_HEADER = YES;
				GCC_PREFIX_HEADER = "Briar/Briar-Prefix.pch";
				INFOPLIST_FILE = "Briar/Briar-Info.plist";
				IPHONEOS_DEPLOYMENT_TARGET = 5.0;
				OTHER_LDFLAGS = (
					"$(inherited)",
					"-force_load",
					"\"$(SRCROOT)/calabash.framework/calabash\"",
					"-lstdc++",
				);
				PRODUCT_NAME = "$(TARGET_NAME)";
				PROVISIONING_PROFILE = "";
				TARGETED_DEVICE_FAMILY = "1,2";
				WRAPPER_EXTENSION = app;
			};
			name = AdHoc;
		};
		5d879d55ad4f1a31440a147a /* Release */ = {
			isa = XCBuildConfiguration;
			buildSettings = {
				CODE_SIGN_IDENTITY = "iPhone Developer";
				FRAMEWORK_SEARCH_PATHS = (
					"$(inherited)",
					"\"$(SRCROOT)\"",
				);
				GCC_PRECOMPILE_PREFIX_HEADER = YES;
				GCC_PREFIX_HEADER = "Briar/Briar-Prefix.pch";
				INFOPLIST_FILE = "Briar/Briar-Info.plist";
				IPHONEOS_DEPLOYMENT_TARGET = 5.0;
				OTHER_LDFLAGS = (
					"$(inherited)",
					"-force_load",
					"\"$(SRCROOT)/calabash.framework/calabash\"",
					"-lstdc++",
				);
				PRODUCT_NAME = "$(TARGET_NAME)";
				PROVISIONING_PROFILE = "";
				TARGETED_DEVICE_FAMILY = "1,2";
				WRAPPER_EXTENSION = app;
			};
			name = Release;
		};
		F568C44C16E3C256007797F1 /* Debug */ = {
			isa = XCBuildConfiguration;
			buildSettings = {
				ALWAYS_SEARCH_USER_PATHS = NO;
				CLANG_CXX_LANGUAGE_STANDARD = "gnu++0x";
				CLANG_CXX_LIBRARY = "libc++";
				CLANG_ENABLE_OBJC_ARC = YES;
				CLANG_WARN_CONSTANT_CONVERSION = YES;
				CLANG_WARN_EMPTY_BODY = YES;
				CLANG_WARN_ENUM_CONVERSION = YES;
				CLANG_WARN_INT_CONVERSION = YES;
				CLANG_WARN__DUPLICATE_METHOD_MATCH = YES;
				"CODE_SIGN_IDENTITY[sdk=iphoneos*]" = "iPhone Developer";
				COPY_PHASE_STRIP = NO;
				GCC_C_LANGUAGE_STANDARD = gnu99;
				GCC_DYNAMIC_NO_PIC = NO;
				GCC_OPTIMIZATION_LEVEL = 0;
				GCC_PREPROCESSOR_DEFINITIONS = (
					"DEBUG=1",
					"$(inherited)",
				);
				GCC_SYMBOLS_PRIVATE_EXTERN = NO;
				GCC_WARN_ABOUT_MISSING_PROTOTYPES = YES;
				GCC_WARN_ABOUT_RETURN_TYPE = YES;
				GCC_WARN_STRICT_SELECTOR_MATCH = YES;
				GCC_WARN_UNDECLARED_SELECTOR = YES;
				GCC_WARN_UNINITIALIZED_AUTOS = YES;
				GCC_WARN_UNKNOWN_PRAGMAS = YES;
				GCC_WARN_UNUSED_VARIABLE = YES;
				INFOPLIST_PREFIX_HEADER = InfoPlist.h;
				INFOPLIST_PREPROCESS = YES;
				IPHONEOS_DEPLOYMENT_TARGET = 5.0;
				ONLY_ACTIVE_ARCH = YES;
				SDKROOT = iphoneos;
				WARNING_CFLAGS = (
					"-Wunreachable-code",
					"-fcolor-diagnostics",
					"-Wno-format-security",
				);
			};
			name = Debug;
		};
		F568C44D16E3C256007797F1 /* Release */ = {
			isa = XCBuildConfiguration;
			buildSettings = {
				ALWAYS_SEARCH_USER_PATHS = NO;
				CLANG_CXX_LANGUAGE_STANDARD = "gnu++0x";
				CLANG_CXX_LIBRARY = "libc++";
				CLANG_ENABLE_OBJC_ARC = YES;
				CLANG_WARN_CONSTANT_CONVERSION = YES;
				CLANG_WARN_EMPTY_BODY = YES;
				CLANG_WARN_ENUM_CONVERSION = YES;
				CLANG_WARN_INT_CONVERSION = YES;
				CLANG_WARN__DUPLICATE_METHOD_MATCH = YES;
				"CODE_SIGN_IDENTITY[sdk=iphoneos*]" = "iPhone Developer";
				COPY_PHASE_STRIP = YES;
				GCC_C_LANGUAGE_STANDARD = gnu99;
				GCC_WARN_ABOUT_MISSING_PROTOTYPES = YES;
				GCC_WARN_ABOUT_RETURN_TYPE = YES;
				GCC_WARN_STRICT_SELECTOR_MATCH = YES;
				GCC_WARN_UNDECLARED_SELECTOR = YES;
				GCC_WARN_UNINITIALIZED_AUTOS = YES;
				GCC_WARN_UNKNOWN_PRAGMAS = YES;
				GCC_WARN_UNUSED_VARIABLE = YES;
				INFOPLIST_PREFIX_HEADER = InfoPlist.h;
				INFOPLIST_PREPROCESS = YES;
				IPHONEOS_DEPLOYMENT_TARGET = 5.0;
				OTHER_CFLAGS = "-DNS_BLOCK_ASSERTIONS=1";
				SDKROOT = iphoneos;
				VALIDATE_PRODUCT = YES;
				WARNING_CFLAGS = (
					"-Wunreachable-code",
					"-fcolor-diagnostics",
					"-Wno-format-security",
				);
			};
			name = Release;
		};
		F568C44F16E3C256007797F1 /* Debug */ = {
			isa = XCBuildConfiguration;
			buildSettings = {
				CLANG_WARN_BOOL_CONVERSION = YES;
				CLANG_WARN_IMPLICIT_SIGN_CONVERSION = YES;
				GCC_PRECOMPILE_PREFIX_HEADER = YES;
				GCC_PREFIX_HEADER = "Briar/Briar-Prefix.pch";
				GCC_WARN_INITIALIZER_NOT_FULLY_BRACKETED = YES;
				GCC_WARN_SHADOW = YES;
				INFOPLIST_FILE = "Briar/Briar-Info.plist";
				IPHONEOS_DEPLOYMENT_TARGET = 5.0;
				PRODUCT_NAME = "$(TARGET_NAME)";
				TARGETED_DEVICE_FAMILY = "1,2";
				WRAPPER_EXTENSION = app;
			};
			name = Debug;
		};
		F568C45016E3C256007797F1 /* Release */ = {
			isa = XCBuildConfiguration;
			buildSettings = {
				CLANG_WARN_BOOL_CONVERSION = YES;
				CLANG_WARN_IMPLICIT_SIGN_CONVERSION = YES;
				GCC_PRECOMPILE_PREFIX_HEADER = YES;
				GCC_PREFIX_HEADER = "Briar/Briar-Prefix.pch";
				GCC_WARN_INITIALIZER_NOT_FULLY_BRACKETED = YES;
				GCC_WARN_SHADOW = YES;
				INFOPLIST_FILE = "Briar/Briar-Info.plist";
				IPHONEOS_DEPLOYMENT_TARGET = 5.0;
				PRODUCT_NAME = "$(TARGET_NAME)";
				TARGETED_DEVICE_FAMILY = "1,2";
				WRAPPER_EXTENSION = app;
			};
			name = Release;
		};
		F568C47016E3C8EB007797F1 /* Debug */ = {
			isa = XCBuildConfiguration;
			buildSettings = {
				PRODUCT_NAME = "$(TARGET_NAME)";
			};
			name = Debug;
		};
		F568C47116E3C8EB007797F1 /* Release */ = {
			isa = XCBuildConfiguration;
			buildSettings = {
				PRODUCT_NAME = "$(TARGET_NAME)";
			};
			name = Release;
		};
		F568C47616E3C9B0007797F1 /* AppStore */ = {
			isa = XCBuildConfiguration;
			buildSettings = {
				ALWAYS_SEARCH_USER_PATHS = NO;
				CLANG_CXX_LANGUAGE_STANDARD = "gnu++0x";
				CLANG_CXX_LIBRARY = "libc++";
				CLANG_ENABLE_OBJC_ARC = YES;
				CLANG_WARN_CONSTANT_CONVERSION = YES;
				CLANG_WARN_EMPTY_BODY = YES;
				CLANG_WARN_ENUM_CONVERSION = YES;
				CLANG_WARN_INT_CONVERSION = YES;
				CLANG_WARN__DUPLICATE_METHOD_MATCH = YES;
				"CODE_SIGN_IDENTITY[sdk=iphoneos*]" = "iPhone Developer";
				COPY_PHASE_STRIP = YES;
				GCC_C_LANGUAGE_STANDARD = gnu99;
				GCC_WARN_ABOUT_MISSING_PROTOTYPES = YES;
				GCC_WARN_ABOUT_RETURN_TYPE = YES;
				GCC_WARN_STRICT_SELECTOR_MATCH = YES;
				GCC_WARN_UNDECLARED_SELECTOR = YES;
				GCC_WARN_UNINITIALIZED_AUTOS = YES;
				GCC_WARN_UNKNOWN_PRAGMAS = YES;
				GCC_WARN_UNUSED_VARIABLE = YES;
				INFOPLIST_PREFIX_HEADER = InfoPlist.h;
				INFOPLIST_PREPROCESS = YES;
				IPHONEOS_DEPLOYMENT_TARGET = 5.0;
				OTHER_CFLAGS = "-DNS_BLOCK_ASSERTIONS=1";
				SDKROOT = iphoneos;
				VALIDATE_PRODUCT = YES;
				WARNING_CFLAGS = (
					"-Wunreachable-code",
					"-fcolor-diagnostics",
					"-Wno-format-security",
				);
			};
			name = AppStore;
		};
		F568C47716E3C9B0007797F1 /* AppStore */ = {
			isa = XCBuildConfiguration;
			buildSettings = {
				CLANG_WARN_BOOL_CONVERSION = YES;
				CLANG_WARN_IMPLICIT_SIGN_CONVERSION = YES;
				GCC_PRECOMPILE_PREFIX_HEADER = YES;
				GCC_PREFIX_HEADER = "Briar/Briar-Prefix.pch";
				GCC_WARN_INITIALIZER_NOT_FULLY_BRACKETED = YES;
				GCC_WARN_SHADOW = YES;
				INFOPLIST_FILE = "Briar/Briar-Info.plist";
				IPHONEOS_DEPLOYMENT_TARGET = 5.0;
				PRODUCT_NAME = "$(TARGET_NAME)";
				TARGETED_DEVICE_FAMILY = "1,2";
				WRAPPER_EXTENSION = app;
			};
			name = AppStore;
		};
		F568C47816E3C9B0007797F1 /* AppStore */ = {
			isa = XCBuildConfiguration;
			buildSettings = {
				PRODUCT_NAME = "$(TARGET_NAME)";
			};
			name = AppStore;
		};
		F568C47916E3C9B7007797F1 /* AdHoc */ = {
			isa = XCBuildConfiguration;
			buildSettings = {
				ALWAYS_SEARCH_USER_PATHS = NO;
				CLANG_CXX_LANGUAGE_STANDARD = "gnu++0x";
				CLANG_CXX_LIBRARY = "libc++";
				CLANG_ENABLE_OBJC_ARC = YES;
				CLANG_WARN_CONSTANT_CONVERSION = YES;
				CLANG_WARN_EMPTY_BODY = YES;
				CLANG_WARN_ENUM_CONVERSION = YES;
				CLANG_WARN_INT_CONVERSION = YES;
				CLANG_WARN__DUPLICATE_METHOD_MATCH = YES;
				"CODE_SIGN_IDENTITY[sdk=iphoneos*]" = "iPhone Developer";
				COPY_PHASE_STRIP = YES;
				GCC_C_LANGUAGE_STANDARD = gnu99;
				GCC_WARN_ABOUT_MISSING_PROTOTYPES = YES;
				GCC_WARN_ABOUT_RETURN_TYPE = YES;
				GCC_WARN_STRICT_SELECTOR_MATCH = YES;
				GCC_WARN_UNDECLARED_SELECTOR = YES;
				GCC_WARN_UNINITIALIZED_AUTOS = YES;
				GCC_WARN_UNKNOWN_PRAGMAS = YES;
				GCC_WARN_UNUSED_VARIABLE = YES;
				INFOPLIST_PREFIX_HEADER = InfoPlist.h;
				INFOPLIST_PREPROCESS = YES;
				IPHONEOS_DEPLOYMENT_TARGET = 5.0;
				OTHER_CFLAGS = "-DNS_BLOCK_ASSERTIONS=1";
				SDKROOT = iphoneos;
				VALIDATE_PRODUCT = YES;
				WARNING_CFLAGS = (
					"-Wunreachable-code",
					"-fcolor-diagnostics",
					"-Wno-format-security",
				);
			};
			name = AdHoc;
		};
		F568C47A16E3C9B7007797F1 /* AdHoc */ = {
			isa = XCBuildConfiguration;
			buildSettings = {
				CLANG_WARN_BOOL_CONVERSION = YES;
				CLANG_WARN_IMPLICIT_SIGN_CONVERSION = YES;
				GCC_PRECOMPILE_PREFIX_HEADER = YES;
				GCC_PREFIX_HEADER = "Briar/Briar-Prefix.pch";
				GCC_WARN_INITIALIZER_NOT_FULLY_BRACKETED = YES;
				GCC_WARN_SHADOW = YES;
				INFOPLIST_FILE = "Briar/Briar-Info.plist";
				IPHONEOS_DEPLOYMENT_TARGET = 5.0;
				PRODUCT_NAME = "$(TARGET_NAME)";
				TARGETED_DEVICE_FAMILY = "1,2";
				WRAPPER_EXTENSION = app;
			};
			name = AdHoc;
		};
		F568C47B16E3C9B7007797F1 /* AdHoc */ = {
			isa = XCBuildConfiguration;
			buildSettings = {
				PRODUCT_NAME = "$(TARGET_NAME)";
			};
			name = AdHoc;
		};
		cd3d8c9fd06bfdeb1a86a8d6 /* AppStore */ = {
			isa = XCBuildConfiguration;
			buildSettings = {
				CODE_SIGN_IDENTITY = "";
				FRAMEWORK_SEARCH_PATHS = (
					"$(inherited)",
					"\"$(SRCROOT)\"",
				);
				GCC_PRECOMPILE_PREFIX_HEADER = YES;
				GCC_PREFIX_HEADER = "Briar/Briar-Prefix.pch";
				INFOPLIST_FILE = "Briar/Briar-Info.plist";
				IPHONEOS_DEPLOYMENT_TARGET = 5.0;
				OTHER_LDFLAGS = (
					"$(inherited)",
					"-force_load",
					"\"$(SRCROOT)/calabash.framework/calabash\"",
					"-lstdc++",
				);
				PRODUCT_NAME = "$(TARGET_NAME)";
				PROVISIONING_PROFILE = "";
				TARGETED_DEVICE_FAMILY = "1,2";
				WRAPPER_EXTENSION = app;
			};
			name = AppStore;
		};
/* End XCBuildConfiguration section */

/* Begin XCConfigurationList section */
		F568C41816E3C256007797F1 /* Build configuration list for PBXProject "Briar" */ = {
			isa = XCConfigurationList;
			buildConfigurations = (
				F568C44C16E3C256007797F1 /* Debug */,
				F568C44D16E3C256007797F1 /* Release */,
				F568C47916E3C9B7007797F1 /* AdHoc */,
				F568C47616E3C9B0007797F1 /* AppStore */,
			);
			defaultConfigurationIsVisible = 0;
			defaultConfigurationName = Release;
		};
		F568C44E16E3C256007797F1 /* Build configuration list for PBXNativeTarget "Briar" */ = {
			isa = XCConfigurationList;
			buildConfigurations = (
				F568C44F16E3C256007797F1 /* Debug */,
				F568C45016E3C256007797F1 /* Release */,
				F568C47A16E3C9B7007797F1 /* AdHoc */,
				F568C47716E3C9B0007797F1 /* AppStore */,
			);
			defaultConfigurationIsVisible = 0;
			defaultConfigurationName = Release;
		};
		F568C46F16E3C8EB007797F1 /* Build configuration list for PBXAggregateTarget "versioning" */ = {
			isa = XCConfigurationList;
			buildConfigurations = (
				F568C47016E3C8EB007797F1 /* Debug */,
				F568C47116E3C8EB007797F1 /* Release */,
				F568C47B16E3C9B7007797F1 /* AdHoc */,
				F568C47816E3C9B0007797F1 /* AppStore */,
			);
			defaultConfigurationIsVisible = 0;
			defaultConfigurationName = Release;
		};
		ccd2c07834634f0ece1d0906 /* Build configuration list for PBXNativeTarget "Briar-cal" */ = {
			isa = XCConfigurationList;
			buildConfigurations = (
				09608ca2daa71133ce45a388 /* Debug */,
				5d879d55ad4f1a31440a147a /* Release */,
				396afcd2026cd49222fd301b /* AdHoc */,
				cd3d8c9fd06bfdeb1a86a8d6 /* AppStore */,
			);
			defaultConfigurationIsVisible = 0;
			defaultConfigurationName = Release;
		};
/* End XCConfigurationList section */
	};
	rootObject = F568C41516E3C256007797F1 /* Project object */;
}
