<?xml version="1.0" encoding="UTF-8"?>
<!DOCTYPE plist PUBLIC "-//Apple//DTD PLIST 1.0//EN" "http://www.apple.com/DTDs/PropertyList-1.0.dtd">
<plist version="1.0">
<dict>
	<key>archiveVersion</key>
	<string>1</string>
	<key>classes</key>
	<dict/>
	<key>objectVersion</key>
	<string>46</string>
	<key>objects</key>
	<dict>
		<key>01d93763067c68ff5edfb415</key>
		<dict>
			<key>fileRef</key>
			<string>F568C42216E3C256007797F1</string>
			<key>isa</key>
			<string>PBXBuildFile</string>
		</dict>
		<key>057f6664908d0a0ec2a2034a</key>
		<dict>
			<key>fileRef</key>
			<string>F568C45416E3C69C007797F1</string>
			<key>isa</key>
			<string>PBXBuildFile</string>
		</dict>
		<key>07719336d66c1ae0e689616e</key>
		<dict>
			<key>fileRef</key>
			<string>F568C43016E3C256007797F1</string>
			<key>isa</key>
			<string>PBXBuildFile</string>
		</dict>
		<key>09608ca2daa71133ce45a388</key>
		<dict>
			<key>buildSettings</key>
			<dict>
				<key>FRAMEWORK_SEARCH_PATHS</key>
				<array>
					<string>$(inherited)</string>
					<string>"$(SRCROOT)"</string>
				</array>
				<key>GCC_PRECOMPILE_PREFIX_HEADER</key>
				<string>YES</string>
				<key>GCC_PREFIX_HEADER</key>
				<string>Briar/Briar-Prefix.pch</string>
				<key>INFOPLIST_FILE</key>
				<string>Briar/Briar-Info.plist</string>
				<key>OTHER_LDFLAGS</key>
				<array>
					<string>$(inherited)</string>
					<string>-force_load</string>
					<string>"$(SRCROOT)/calabash.framework/calabash"</string>
					<string>-lstdc++</string>
				</array>
				<key>PRODUCT_NAME</key>
				<string>$(TARGET_NAME)</string>
				<key>WRAPPER_EXTENSION</key>
				<string>app</string>
			</dict>
			<key>isa</key>
			<string>XCBuildConfiguration</string>
			<key>name</key>
			<string>Debug</string>
		</dict>
		<key>096bb38a15c4380072adb3a3</key>
		<dict>
			<key>buildActionMask</key>
			<string>2147483647</string>
			<key>files</key>
			<array>
				<string>1f98f617997352fa5d3376fb</string>
				<string>07719336d66c1ae0e689616e</string>
				<string>c5aff99349cba5eaeaa6c75b</string>
				<string>9b2562c4b4493ba8dd11edf7</string>
			</array>
			<key>isa</key>
			<string>PBXSourcesBuildPhase</string>
			<key>runOnlyForDeploymentPostprocessing</key>
			<string>0</string>
		</dict>
		<key>0bea02fe1a89a1d839eb1977</key>
		<dict>
			<key>buildConfigurationList</key>
			<string>ccd2c07834634f0ece1d0906</string>
			<key>buildPhases</key>
			<array>
				<string>110f4bb952539397a664980e</string>
				<string>096bb38a15c4380072adb3a3</string>
				<string>7f7642a836cd061e9fa68808</string>
				<string>c418708b56631e5eb9d8a697</string>
			</array>
			<key>buildRules</key>
			<array/>
			<key>dependencies</key>
			<array>
				<string>F568C47416E3C94A007797F1</string>
			</array>
			<key>isa</key>
			<string>PBXNativeTarget</string>
			<key>name</key>
			<string>Briar-cal</string>
			<key>productName</key>
			<string>Briar-cal</string>
			<key>productReference</key>
			<string>8af81276915f75bad65b8c69</string>
			<key>productType</key>
			<string>com.apple.product-type.application</string>
		</dict>
		<key>110f4bb952539397a664980e</key>
		<dict>
			<key>buildActionMask</key>
			<string>2147483647</string>
			<key>files</key>
			<array/>
			<key>inputPaths</key>
			<array/>
			<key>isa</key>
			<string>PBXShellScriptBuildPhase</string>
			<key>name</key>
			<string>Run Script versioning</string>
			<key>outputPaths</key>
			<array/>
			<key>runOnlyForDeploymentPostprocessing</key>
			<string>0</string>
			<key>shellPath</key>
			<string>/bin/bash</string>
			<key>shellScript</key>
			<string>bash versioning.bash "${CONFIGURATION}" "${INFOPLIST_FILE}" AppStore</string>
		</dict>
		<key>1f98f617997352fa5d3376fb</key>
		<dict>
			<key>fileRef</key>
			<string>F568C42C16E3C256007797F1</string>
			<key>isa</key>
			<string>PBXBuildFile</string>
		</dict>
		<key>23b78a523c28d71ae6892ce3</key>
		<dict>
			<key>fileRef</key>
			<string>F568C45C16E3C6F2007797F1</string>
			<key>isa</key>
			<string>PBXBuildFile</string>
		</dict>
		<key>25af5ab6ef29f8d240675046</key>
		<dict>
			<key>fileRef</key>
			<string>F568C42016E3C256007797F1</string>
			<key>isa</key>
			<string>PBXBuildFile</string>
		</dict>
		<key>2fac437ae5a7eef244390b77</key>
		<dict>
			<key>fileRef</key>
			<string>F568C45D16E3C6F2007797F1</string>
			<key>isa</key>
			<string>PBXBuildFile</string>
		</dict>
		<key>30ee42a2bc135b006f397b71</key>
		<dict>
			<key>fileRef</key>
			<string>F568C43616E3C256007797F1</string>
			<key>isa</key>
			<string>PBXBuildFile</string>
		</dict>
		<key>33d4d298137d5d41d434537a</key>
		<dict>
			<key>fileRef</key>
			<string>F568C46416E3C6F2007797F1</string>
			<key>isa</key>
			<string>PBXBuildFile</string>
		</dict>
		<key>396afcd2026cd49222fd301b</key>
		<dict>
			<key>buildSettings</key>
			<dict>
				<key>FRAMEWORK_SEARCH_PATHS</key>
				<array>
					<string>$(inherited)</string>
					<string>"$(SRCROOT)"</string>
				</array>
				<key>GCC_PRECOMPILE_PREFIX_HEADER</key>
				<string>YES</string>
				<key>GCC_PREFIX_HEADER</key>
				<string>Briar/Briar-Prefix.pch</string>
				<key>INFOPLIST_FILE</key>
				<string>Briar/Briar-Info.plist</string>
				<key>OTHER_LDFLAGS</key>
				<array>
					<string>$(inherited)</string>
					<string>-force_load</string>
					<string>"$(SRCROOT)/calabash.framework/calabash"</string>
					<string>-lstdc++</string>
				</array>
				<key>PRODUCT_NAME</key>
				<string>$(TARGET_NAME)</string>
				<key>WRAPPER_EXTENSION</key>
				<string>app</string>
			</dict>
			<key>isa</key>
			<string>XCBuildConfiguration</string>
			<key>name</key>
			<string>AdHoc</string>
		</dict>
		<key>3c10e85b30a66b77009a1ccc</key>
		<dict>
			<key>fileRef</key>
			<string>F568C45516E3C69C007797F1</string>
			<key>isa</key>
			<string>PBXBuildFile</string>
		</dict>
		<key>3f744665f593b89dc3f47464</key>
		<dict>
			<key>fileRef</key>
			<string>F568C45E16E3C6F2007797F1</string>
			<key>isa</key>
			<string>PBXBuildFile</string>
		</dict>
		<key>528fac7a775919ed58477c54</key>
		<dict>
			<key>fileRef</key>
			<string>F568C46116E3C6F2007797F1</string>
			<key>isa</key>
			<string>PBXBuildFile</string>
		</dict>
		<key>532f1a9bf8dd52b64f741fd5</key>
		<dict>
			<key>fileRef</key>
			<string>F568C42416E3C256007797F1</string>
			<key>isa</key>
			<string>PBXBuildFile</string>
		</dict>
		<key>553e655fbe2433cbff10ac67</key>
		<dict>
			<key>fileRef</key>
			<string>F568C46316E3C6F2007797F1</string>
			<key>isa</key>
			<string>PBXBuildFile</string>
		</dict>
		<key>5d879d55ad4f1a31440a147a</key>
		<dict>
			<key>buildSettings</key>
			<dict>
				<key>FRAMEWORK_SEARCH_PATHS</key>
				<array>
					<string>$(inherited)</string>
					<string>"$(SRCROOT)"</string>
				</array>
				<key>GCC_PRECOMPILE_PREFIX_HEADER</key>
				<string>YES</string>
				<key>GCC_PREFIX_HEADER</key>
				<string>Briar/Briar-Prefix.pch</string>
				<key>INFOPLIST_FILE</key>
				<string>Briar/Briar-Info.plist</string>
				<key>OTHER_LDFLAGS</key>
				<array>
					<string>$(inherited)</string>
					<string>-force_load</string>
					<string>"$(SRCROOT)/calabash.framework/calabash"</string>
					<string>-lstdc++</string>
				</array>
				<key>PRODUCT_NAME</key>
				<string>$(TARGET_NAME)</string>
				<key>WRAPPER_EXTENSION</key>
				<string>app</string>
			</dict>
			<key>isa</key>
			<string>XCBuildConfiguration</string>
			<key>name</key>
			<string>Release</string>
		</dict>
		<key>5f0fd17902431e7fd52dcdc4</key>
		<dict>
			<key>fileRef</key>
			<string>ff3dcd52060efbfc4f8a542e</string>
			<key>isa</key>
			<string>PBXBuildFile</string>
		</dict>
		<key>605bd3871f647141ad259754</key>
		<dict>
			<key>fileRef</key>
			<string>F568C46216E3C6F2007797F1</string>
			<key>isa</key>
			<string>PBXBuildFile</string>
		</dict>
		<key>6af7a5746f23a1f736912e8f</key>
		<dict>
			<key>fileRef</key>
			<string>F568C44616E3C256007797F1</string>
			<key>isa</key>
			<string>PBXBuildFile</string>
		</dict>
		<key>7f7642a836cd061e9fa68808</key>
		<dict>
			<key>buildActionMask</key>
			<string>2147483647</string>
			<key>files</key>
			<array>
				<string>25af5ab6ef29f8d240675046</string>
				<string>01d93763067c68ff5edfb415</string>
				<string>532f1a9bf8dd52b64f741fd5</string>
				<string>5f0fd17902431e7fd52dcdc4</string>
				<string>c3cc1892a54542ba9cde1f42</string>
			</array>
			<key>isa</key>
			<string>PBXFrameworksBuildPhase</string>
			<key>runOnlyForDeploymentPostprocessing</key>
			<string>0</string>
		</dict>
		<key>8af81276915f75bad65b8c69</key>
		<dict>
			<key>explicitFileType</key>
			<string>wrapper.application</string>
			<key>includeInIndex</key>
			<string>0</string>
			<key>isa</key>
			<string>PBXFileReference</string>
			<key>path</key>
			<string>Briar-cal.app</string>
			<key>sourceTree</key>
			<string>BUILT_PRODUCTS_DIR</string>
		</dict>
		<key>8dbbc1ca2f714136ebe79a4c</key>
		<dict>
			<key>fileRef</key>
			<string>F568C44916E3C256007797F1</string>
			<key>isa</key>
			<string>PBXBuildFile</string>
		</dict>
		<key>8e2359e8cb78e16bc7c93e82</key>
		<dict>
			<key>fileRef</key>
			<string>F568C46016E3C6F2007797F1</string>
			<key>isa</key>
			<string>PBXBuildFile</string>
		</dict>
		<key>9b2562c4b4493ba8dd11edf7</key>
		<dict>
			<key>fileRef</key>
			<string>F568C44016E3C256007797F1</string>
			<key>isa</key>
			<string>PBXBuildFile</string>
		</dict>
		<key>F568C41416E3C256007797F1</key>
		<dict>
			<key>children</key>
			<array>
				<string>F568C42616E3C256007797F1</string>
				<string>F568C41F16E3C256007797F1</string>
				<string>F568C41E16E3C256007797F1</string>
			</array>
			<key>isa</key>
			<string>PBXGroup</string>
			<key>sourceTree</key>
			<string>&lt;group&gt;</string>
		</dict>
		<key>F568C41516E3C256007797F1</key>
		<dict>
			<key>attributes</key>
			<dict>
				<key>CLASSPREFIX</key>
				<string>BR</string>
				<key>LastUpgradeCheck</key>
				<string>0460</string>
				<key>ORGANIZATIONNAME</key>
				<string>Little Joy Software</string>
			</dict>
			<key>buildConfigurationList</key>
			<string>F568C41816E3C256007797F1</string>
			<key>compatibilityVersion</key>
			<string>Xcode 3.2</string>
			<key>developmentRegion</key>
			<string>English</string>
			<key>hasScannedForEncodings</key>
			<string>0</string>
			<key>isa</key>
			<string>PBXProject</string>
			<key>knownRegions</key>
			<array>
				<string>en</string>
			</array>
			<key>mainGroup</key>
			<string>F568C41416E3C256007797F1</string>
			<key>productRefGroup</key>
			<string>F568C41E16E3C256007797F1</string>
			<key>projectDirPath</key>
			<string></string>
			<key>projectRoot</key>
			<string></string>
			<key>targets</key>
			<array>
				<string>F568C41C16E3C256007797F1</string>
				<string>F568C46E16E3C8EB007797F1</string>
				<string>0bea02fe1a89a1d839eb1977</string>
			</array>
		</dict>
		<key>F568C41816E3C256007797F1</key>
		<dict>
			<key>buildConfigurations</key>
			<array>
				<string>F568C44C16E3C256007797F1</string>
				<string>F568C44D16E3C256007797F1</string>
				<string>F568C47916E3C9B7007797F1</string>
				<string>F568C47616E3C9B0007797F1</string>
			</array>
			<key>defaultConfigurationIsVisible</key>
			<string>0</string>
			<key>defaultConfigurationName</key>
			<string>Release</string>
			<key>isa</key>
			<string>XCConfigurationList</string>
		</dict>
		<key>F568C41916E3C256007797F1</key>
		<dict>
			<key>buildActionMask</key>
			<string>2147483647</string>
			<key>files</key>
			<array>
				<string>F568C42D16E3C256007797F1</string>
				<string>F568C43116E3C256007797F1</string>
				<string>F568C43A16E3C256007797F1</string>
				<string>F568C44116E3C256007797F1</string>
			</array>
			<key>isa</key>
			<string>PBXSourcesBuildPhase</string>
			<key>runOnlyForDeploymentPostprocessing</key>
			<string>0</string>
		</dict>
		<key>F568C41A16E3C256007797F1</key>
		<dict>
			<key>buildActionMask</key>
			<string>2147483647</string>
			<key>files</key>
			<array>
				<string>F568C42116E3C256007797F1</string>
				<string>F568C42316E3C256007797F1</string>
				<string>F568C42516E3C256007797F1</string>
			</array>
			<key>isa</key>
			<string>PBXFrameworksBuildPhase</string>
			<key>runOnlyForDeploymentPostprocessing</key>
			<string>0</string>
		</dict>
		<key>F568C41B16E3C256007797F1</key>
		<dict>
			<key>buildActionMask</key>
			<string>2147483647</string>
			<key>files</key>
			<array>
				<string>F568C42B16E3C256007797F1</string>
				<string>F568C43316E3C256007797F1</string>
				<string>F568C43516E3C256007797F1</string>
				<string>F568C43716E3C256007797F1</string>
				<string>F568C44816E3C256007797F1</string>
				<string>F568C44B16E3C256007797F1</string>
				<string>F568C45616E3C69C007797F1</string>
				<string>F568C45716E3C69C007797F1</string>
				<string>F568C45816E3C69C007797F1</string>
				<string>F568C45916E3C69C007797F1</string>
				<string>F568C46516E3C6F2007797F1</string>
				<string>F568C46616E3C6F2007797F1</string>
				<string>F568C46716E3C6F2007797F1</string>
				<string>F568C46816E3C6F2007797F1</string>
				<string>F568C46916E3C6F2007797F1</string>
				<string>F568C46A16E3C6F2007797F1</string>
				<string>F568C46B16E3C6F2007797F1</string>
				<string>F568C46C16E3C6F2007797F1</string>
				<string>F568C46D16E3C6F2007797F1</string>
			</array>
			<key>isa</key>
			<string>PBXResourcesBuildPhase</string>
			<key>runOnlyForDeploymentPostprocessing</key>
			<string>0</string>
		</dict>
		<key>F568C41C16E3C256007797F1</key>
		<dict>
			<key>buildConfigurationList</key>
			<string>F568C44E16E3C256007797F1</string>
			<key>buildPhases</key>
			<array>
				<string>F568C47516E3C984007797F1</string>
				<string>F568C41916E3C256007797F1</string>
				<string>F568C41A16E3C256007797F1</string>
				<string>F568C41B16E3C256007797F1</string>
			</array>
			<key>buildRules</key>
			<array/>
			<key>dependencies</key>
			<array>
				<string>F568C47416E3C94A007797F1</string>
			</array>
			<key>isa</key>
			<string>PBXNativeTarget</string>
			<key>name</key>
			<string>Briar</string>
			<key>productName</key>
			<string>Briar</string>
			<key>productReference</key>
			<string>F568C41D16E3C256007797F1</string>
			<key>productType</key>
			<string>com.apple.product-type.application</string>
		</dict>
		<key>F568C41D16E3C256007797F1</key>
		<dict>
			<key>explicitFileType</key>
			<string>wrapper.application</string>
			<key>includeInIndex</key>
			<string>0</string>
			<key>isa</key>
			<string>PBXFileReference</string>
			<key>path</key>
			<string>Briar.app</string>
			<key>sourceTree</key>
			<string>BUILT_PRODUCTS_DIR</string>
		</dict>
		<key>F568C41E16E3C256007797F1</key>
		<dict>
			<key>children</key>
			<array>
				<string>F568C41D16E3C256007797F1</string>
			</array>
			<key>isa</key>
			<string>PBXGroup</string>
			<key>name</key>
			<string>Products</string>
			<key>sourceTree</key>
			<string>&lt;group&gt;</string>
		</dict>
		<key>F568C41F16E3C256007797F1</key>
		<dict>
			<key>children</key>
			<array>
				<string>F568C42016E3C256007797F1</string>
				<string>F568C42216E3C256007797F1</string>
				<string>F568C42416E3C256007797F1</string>
				<string>ff3dcd52060efbfc4f8a542e</string>
				<string>c6425b650cbbd9f05994720c</string>
			</array>
			<key>isa</key>
			<string>PBXGroup</string>
			<key>name</key>
			<string>Frameworks</string>
			<key>path</key>
			<string></string>
			<key>sourceTree</key>
			<string>&lt;group&gt;</string>
		</dict>
		<key>F568C42016E3C256007797F1</key>
		<dict>
			<key>isa</key>
			<string>PBXFileReference</string>
			<key>lastKnownFileType</key>
			<string>wrapper.framework</string>
			<key>name</key>
			<string>UIKit.framework</string>
			<key>path</key>
			<string>System/Library/Frameworks/UIKit.framework</string>
			<key>sourceTree</key>
			<string>SDKROOT</string>
		</dict>
		<key>F568C42116E3C256007797F1</key>
		<dict>
			<key>fileRef</key>
			<string>F568C42016E3C256007797F1</string>
			<key>isa</key>
			<string>PBXBuildFile</string>
		</dict>
		<key>F568C42216E3C256007797F1</key>
		<dict>
			<key>isa</key>
			<string>PBXFileReference</string>
			<key>lastKnownFileType</key>
			<string>wrapper.framework</string>
			<key>name</key>
			<string>Foundation.framework</string>
			<key>path</key>
			<string>System/Library/Frameworks/Foundation.framework</string>
			<key>sourceTree</key>
			<string>SDKROOT</string>
		</dict>
		<key>F568C42316E3C256007797F1</key>
		<dict>
			<key>fileRef</key>
			<string>F568C42216E3C256007797F1</string>
			<key>isa</key>
			<string>PBXBuildFile</string>
		</dict>
		<key>F568C42416E3C256007797F1</key>
		<dict>
			<key>isa</key>
			<string>PBXFileReference</string>
			<key>lastKnownFileType</key>
			<string>wrapper.framework</string>
			<key>name</key>
			<string>CoreGraphics.framework</string>
			<key>path</key>
			<string>System/Library/Frameworks/CoreGraphics.framework</string>
			<key>sourceTree</key>
			<string>SDKROOT</string>
		</dict>
		<key>F568C42516E3C256007797F1</key>
		<dict>
			<key>fileRef</key>
			<string>F568C42416E3C256007797F1</string>
			<key>isa</key>
			<string>PBXBuildFile</string>
		</dict>
		<key>F568C42616E3C256007797F1</key>
		<dict>
			<key>children</key>
			<array>
				<string>F568C45116E3C69C007797F1</string>
				<string>F568C45A16E3C6A8007797F1</string>
				<string>F568C42F16E3C256007797F1</string>
				<string>F568C43016E3C256007797F1</string>
				<string>F568C43816E3C256007797F1</string>
				<string>F568C43916E3C256007797F1</string>
				<string>F568C43F16E3C256007797F1</string>
				<string>F568C44016E3C256007797F1</string>
				<string>F568C42716E3C256007797F1</string>
			</array>
			<key>isa</key>
			<string>PBXGroup</string>
			<key>path</key>
			<string>Briar</string>
			<key>sourceTree</key>
			<string>&lt;group&gt;</string>
		</dict>
		<key>F568C42716E3C256007797F1</key>
		<dict>
			<key>children</key>
			<array>
				<string>F568C42816E3C256007797F1</string>
				<string>F568C42916E3C256007797F1</string>
				<string>F568C42C16E3C256007797F1</string>
				<string>F568C42E16E3C256007797F1</string>
			</array>
			<key>isa</key>
			<string>PBXGroup</string>
			<key>name</key>
			<string>Supporting Files</string>
			<key>sourceTree</key>
			<string>&lt;group&gt;</string>
		</dict>
		<key>F568C42816E3C256007797F1</key>
		<dict>
			<key>isa</key>
			<string>PBXFileReference</string>
			<key>lastKnownFileType</key>
			<string>text.plist.xml</string>
			<key>path</key>
			<string>Briar-Info.plist</string>
			<key>sourceTree</key>
			<string>&lt;group&gt;</string>
		</dict>
		<key>F568C42916E3C256007797F1</key>
		<dict>
			<key>children</key>
			<array>
				<string>F568C42A16E3C256007797F1</string>
			</array>
			<key>isa</key>
			<string>PBXVariantGroup</string>
			<key>name</key>
			<string>InfoPlist.strings</string>
			<key>sourceTree</key>
			<string>&lt;group&gt;</string>
		</dict>
		<key>F568C42A16E3C256007797F1</key>
		<dict>
			<key>isa</key>
			<string>PBXFileReference</string>
			<key>lastKnownFileType</key>
			<string>text.plist.strings</string>
			<key>name</key>
			<string>en</string>
			<key>path</key>
			<string>en.lproj/InfoPlist.strings</string>
			<key>sourceTree</key>
			<string>&lt;group&gt;</string>
		</dict>
		<key>F568C42B16E3C256007797F1</key>
		<dict>
			<key>fileRef</key>
			<string>F568C42916E3C256007797F1</string>
			<key>isa</key>
			<string>PBXBuildFile</string>
		</dict>
		<key>F568C42C16E3C256007797F1</key>
		<dict>
			<key>isa</key>
			<string>PBXFileReference</string>
			<key>lastKnownFileType</key>
			<string>sourcecode.c.objc</string>
			<key>path</key>
			<string>main.m</string>
			<key>sourceTree</key>
			<string>&lt;group&gt;</string>
		</dict>
		<key>F568C42D16E3C256007797F1</key>
		<dict>
			<key>fileRef</key>
			<string>F568C42C16E3C256007797F1</string>
			<key>isa</key>
			<string>PBXBuildFile</string>
		</dict>
		<key>F568C42E16E3C256007797F1</key>
		<dict>
			<key>isa</key>
			<string>PBXFileReference</string>
			<key>lastKnownFileType</key>
			<string>sourcecode.c.h</string>
			<key>path</key>
			<string>Briar-Prefix.pch</string>
			<key>sourceTree</key>
			<string>&lt;group&gt;</string>
		</dict>
		<key>F568C42F16E3C256007797F1</key>
		<dict>
			<key>isa</key>
			<string>PBXFileReference</string>
			<key>lastKnownFileType</key>
			<string>sourcecode.c.h</string>
			<key>path</key>
			<string>BRAppDelegate.h</string>
			<key>sourceTree</key>
			<string>&lt;group&gt;</string>
		</dict>
		<key>F568C43016E3C256007797F1</key>
		<dict>
			<key>isa</key>
			<string>PBXFileReference</string>
			<key>lastKnownFileType</key>
			<string>sourcecode.c.objc</string>
			<key>path</key>
			<string>BRAppDelegate.m</string>
			<key>sourceTree</key>
			<string>&lt;group&gt;</string>
		</dict>
		<key>F568C43116E3C256007797F1</key>
		<dict>
			<key>fileRef</key>
			<string>F568C43016E3C256007797F1</string>
			<key>isa</key>
			<string>PBXBuildFile</string>
		</dict>
		<key>F568C43216E3C256007797F1</key>
		<dict>
			<key>isa</key>
			<string>PBXFileReference</string>
			<key>lastKnownFileType</key>
			<string>image.png</string>
			<key>name</key>
			<string>Default.png</string>
			<key>path</key>
			<string>../Default.png</string>
			<key>sourceTree</key>
			<string>&lt;group&gt;</string>
		</dict>
		<key>F568C43316E3C256007797F1</key>
		<dict>
			<key>fileRef</key>
			<string>F568C43216E3C256007797F1</string>
			<key>isa</key>
			<string>PBXBuildFile</string>
		</dict>
		<key>F568C43416E3C256007797F1</key>
		<dict>
			<key>isa</key>
			<string>PBXFileReference</string>
			<key>lastKnownFileType</key>
			<string>image.png</string>
			<key>name</key>
			<string>Default@2x.png</string>
			<key>path</key>
			<string>../Default@2x.png</string>
			<key>sourceTree</key>
			<string>&lt;group&gt;</string>
		</dict>
		<key>F568C43516E3C256007797F1</key>
		<dict>
			<key>fileRef</key>
			<string>F568C43416E3C256007797F1</string>
			<key>isa</key>
			<string>PBXBuildFile</string>
		</dict>
		<key>F568C43616E3C256007797F1</key>
		<dict>
			<key>isa</key>
			<string>PBXFileReference</string>
			<key>lastKnownFileType</key>
			<string>image.png</string>
			<key>name</key>
			<string>Default-568h@2x.png</string>
			<key>path</key>
			<string>../Default-568h@2x.png</string>
			<key>sourceTree</key>
			<string>&lt;group&gt;</string>
		</dict>
		<key>F568C43716E3C256007797F1</key>
		<dict>
			<key>fileRef</key>
			<string>F568C43616E3C256007797F1</string>
			<key>isa</key>
			<string>PBXBuildFile</string>
		</dict>
		<key>F568C43816E3C256007797F1</key>
		<dict>
			<key>isa</key>
			<string>PBXFileReference</string>
			<key>lastKnownFileType</key>
			<string>sourcecode.c.h</string>
			<key>path</key>
			<string>BRFirstViewController.h</string>
			<key>sourceTree</key>
			<string>&lt;group&gt;</string>
		</dict>
		<key>F568C43916E3C256007797F1</key>
		<dict>
			<key>isa</key>
			<string>PBXFileReference</string>
			<key>lastKnownFileType</key>
			<string>sourcecode.c.objc</string>
			<key>path</key>
			<string>BRFirstViewController.m</string>
			<key>sourceTree</key>
			<string>&lt;group&gt;</string>
		</dict>
		<key>F568C43A16E3C256007797F1</key>
		<dict>
			<key>fileRef</key>
			<string>F568C43916E3C256007797F1</string>
			<key>isa</key>
			<string>PBXBuildFile</string>
		</dict>
		<key>F568C43F16E3C256007797F1</key>
		<dict>
			<key>isa</key>
			<string>PBXFileReference</string>
			<key>lastKnownFileType</key>
			<string>sourcecode.c.h</string>
			<key>path</key>
			<string>BRSecondViewController.h</string>
			<key>sourceTree</key>
			<string>&lt;group&gt;</string>
		</dict>
		<key>F568C44016E3C256007797F1</key>
		<dict>
			<key>isa</key>
			<string>PBXFileReference</string>
			<key>lastKnownFileType</key>
			<string>sourcecode.c.objc</string>
			<key>path</key>
			<string>BRSecondViewController.m</string>
			<key>sourceTree</key>
			<string>&lt;group&gt;</string>
		</dict>
		<key>F568C44116E3C256007797F1</key>
		<dict>
			<key>fileRef</key>
			<string>F568C44016E3C256007797F1</string>
			<key>isa</key>
			<string>PBXBuildFile</string>
		</dict>
		<key>F568C44616E3C256007797F1</key>
		<dict>
			<key>children</key>
			<array>
				<string>F568C44716E3C256007797F1</string>
			</array>
			<key>isa</key>
			<string>PBXVariantGroup</string>
			<key>name</key>
			<string>BRFirstViewController.xib</string>
			<key>sourceTree</key>
			<string>&lt;group&gt;</string>
		</dict>
		<key>F568C44716E3C256007797F1</key>
		<dict>
			<key>isa</key>
			<string>PBXFileReference</string>
			<key>lastKnownFileType</key>
			<string>file.xib</string>
			<key>name</key>
			<string>en</string>
			<key>path</key>
			<string>en.lproj/BRFirstViewController.xib</string>
			<key>sourceTree</key>
			<string>&lt;group&gt;</string>
		</dict>
		<key>F568C44816E3C256007797F1</key>
		<dict>
			<key>fileRef</key>
			<string>F568C44616E3C256007797F1</string>
			<key>isa</key>
			<string>PBXBuildFile</string>
		</dict>
		<key>F568C44916E3C256007797F1</key>
		<dict>
			<key>children</key>
			<array>
				<string>F568C44A16E3C256007797F1</string>
			</array>
			<key>isa</key>
			<string>PBXVariantGroup</string>
			<key>name</key>
			<string>BRSecondViewController.xib</string>
			<key>sourceTree</key>
			<string>&lt;group&gt;</string>
		</dict>
		<key>F568C44A16E3C256007797F1</key>
		<dict>
			<key>isa</key>
			<string>PBXFileReference</string>
			<key>lastKnownFileType</key>
			<string>file.xib</string>
			<key>name</key>
			<string>en</string>
			<key>path</key>
			<string>en.lproj/BRSecondViewController.xib</string>
			<key>sourceTree</key>
			<string>&lt;group&gt;</string>
		</dict>
		<key>F568C44B16E3C256007797F1</key>
		<dict>
			<key>fileRef</key>
			<string>F568C44916E3C256007797F1</string>
			<key>isa</key>
			<string>PBXBuildFile</string>
		</dict>
		<key>F568C44C16E3C256007797F1</key>
		<dict>
			<key>buildSettings</key>
			<dict>
				<key>ALWAYS_SEARCH_USER_PATHS</key>
				<string>NO</string>
				<key>CLANG_CXX_LANGUAGE_STANDARD</key>
				<string>gnu++0x</string>
				<key>CLANG_CXX_LIBRARY</key>
				<string>libc++</string>
				<key>CLANG_ENABLE_OBJC_ARC</key>
				<string>YES</string>
				<key>CLANG_WARN_CONSTANT_CONVERSION</key>
				<string>YES</string>
				<key>CLANG_WARN_EMPTY_BODY</key>
				<string>YES</string>
				<key>CLANG_WARN_ENUM_CONVERSION</key>
				<string>YES</string>
				<key>CLANG_WARN_INT_CONVERSION</key>
				<string>YES</string>
				<key>CLANG_WARN__DUPLICATE_METHOD_MATCH</key>
				<string>YES</string>
				<key>CODE_SIGN_IDENTITY[sdk=iphoneos*]</key>
				<string>iPhone Developer</string>
				<key>COPY_PHASE_STRIP</key>
				<string>NO</string>
				<key>GCC_C_LANGUAGE_STANDARD</key>
				<string>gnu99</string>
				<key>GCC_DYNAMIC_NO_PIC</key>
				<string>NO</string>
				<key>GCC_OPTIMIZATION_LEVEL</key>
				<string>0</string>
				<key>GCC_PREPROCESSOR_DEFINITIONS</key>
				<array>
					<string>DEBUG=1</string>
					<string>$(inherited)</string>
				</array>
				<key>GCC_SYMBOLS_PRIVATE_EXTERN</key>
				<string>NO</string>
				<key>GCC_WARN_ABOUT_MISSING_PROTOTYPES</key>
				<string>YES</string>
				<key>GCC_WARN_ABOUT_RETURN_TYPE</key>
				<string>YES</string>
				<key>GCC_WARN_STRICT_SELECTOR_MATCH</key>
				<string>YES</string>
				<key>GCC_WARN_UNDECLARED_SELECTOR</key>
				<string>YES</string>
				<key>GCC_WARN_UNINITIALIZED_AUTOS</key>
				<string>YES</string>
				<key>GCC_WARN_UNKNOWN_PRAGMAS</key>
				<string>YES</string>
				<key>GCC_WARN_UNUSED_VARIABLE</key>
				<string>YES</string>
				<key>INFOPLIST_PREFIX_HEADER</key>
				<string>InfoPlist.h</string>
				<key>INFOPLIST_PREPROCESS</key>
				<string>YES</string>
				<key>IPHONEOS_DEPLOYMENT_TARGET</key>
				<string>5.0</string>
				<key>ONLY_ACTIVE_ARCH</key>
				<string>YES</string>
				<key>SDKROOT</key>
				<string>iphoneos</string>
				<key>WARNING_CFLAGS</key>
				<array>
					<string>-Wunreachable-code</string>
					<string>-fcolor-diagnostics</string>
					<string>-Wno-format-security</string>
				</array>
			</dict>
			<key>isa</key>
			<string>XCBuildConfiguration</string>
			<key>name</key>
			<string>Debug</string>
		</dict>
		<key>F568C44D16E3C256007797F1</key>
		<dict>
			<key>buildSettings</key>
			<dict>
				<key>ALWAYS_SEARCH_USER_PATHS</key>
				<string>NO</string>
				<key>CLANG_CXX_LANGUAGE_STANDARD</key>
				<string>gnu++0x</string>
				<key>CLANG_CXX_LIBRARY</key>
				<string>libc++</string>
				<key>CLANG_ENABLE_OBJC_ARC</key>
				<string>YES</string>
				<key>CLANG_WARN_CONSTANT_CONVERSION</key>
				<string>YES</string>
				<key>CLANG_WARN_EMPTY_BODY</key>
				<string>YES</string>
				<key>CLANG_WARN_ENUM_CONVERSION</key>
				<string>YES</string>
				<key>CLANG_WARN_INT_CONVERSION</key>
				<string>YES</string>
				<key>CLANG_WARN__DUPLICATE_METHOD_MATCH</key>
				<string>YES</string>
				<key>CODE_SIGN_IDENTITY[sdk=iphoneos*]</key>
				<string>iPhone Developer</string>
				<key>COPY_PHASE_STRIP</key>
				<string>YES</string>
				<key>GCC_C_LANGUAGE_STANDARD</key>
				<string>gnu99</string>
				<key>GCC_WARN_ABOUT_MISSING_PROTOTYPES</key>
				<string>YES</string>
				<key>GCC_WARN_ABOUT_RETURN_TYPE</key>
				<string>YES</string>
				<key>GCC_WARN_STRICT_SELECTOR_MATCH</key>
				<string>YES</string>
				<key>GCC_WARN_UNDECLARED_SELECTOR</key>
				<string>YES</string>
				<key>GCC_WARN_UNINITIALIZED_AUTOS</key>
				<string>YES</string>
				<key>GCC_WARN_UNKNOWN_PRAGMAS</key>
				<string>YES</string>
				<key>GCC_WARN_UNUSED_VARIABLE</key>
				<string>YES</string>
				<key>INFOPLIST_PREFIX_HEADER</key>
				<string>InfoPlist.h</string>
				<key>INFOPLIST_PREPROCESS</key>
				<string>YES</string>
				<key>IPHONEOS_DEPLOYMENT_TARGET</key>
				<string>5.0</string>
				<key>OTHER_CFLAGS</key>
				<string>-DNS_BLOCK_ASSERTIONS=1</string>
				<key>SDKROOT</key>
				<string>iphoneos</string>
				<key>VALIDATE_PRODUCT</key>
				<string>YES</string>
				<key>WARNING_CFLAGS</key>
				<array>
					<string>-Wunreachable-code</string>
					<string>-fcolor-diagnostics</string>
					<string>-Wno-format-security</string>
				</array>
			</dict>
			<key>isa</key>
			<string>XCBuildConfiguration</string>
			<key>name</key>
			<string>Release</string>
		</dict>
		<key>F568C44E16E3C256007797F1</key>
		<dict>
			<key>buildConfigurations</key>
			<array>
				<string>F568C44F16E3C256007797F1</string>
				<string>F568C45016E3C256007797F1</string>
				<string>F568C47A16E3C9B7007797F1</string>
				<string>F568C47716E3C9B0007797F1</string>
			</array>
			<key>defaultConfigurationIsVisible</key>
			<string>0</string>
			<key>isa</key>
			<string>XCConfigurationList</string>
		</dict>
		<key>F568C44F16E3C256007797F1</key>
		<dict>
			<key>buildSettings</key>
			<dict>
				<key>GCC_PRECOMPILE_PREFIX_HEADER</key>
				<string>YES</string>
				<key>GCC_PREFIX_HEADER</key>
				<string>Briar/Briar-Prefix.pch</string>
				<key>INFOPLIST_FILE</key>
				<string>Briar/Briar-Info.plist</string>
				<key>PRODUCT_NAME</key>
				<string>$(TARGET_NAME)</string>
				<key>WRAPPER_EXTENSION</key>
				<string>app</string>
			</dict>
			<key>isa</key>
			<string>XCBuildConfiguration</string>
			<key>name</key>
			<string>Debug</string>
		</dict>
		<key>F568C45016E3C256007797F1</key>
		<dict>
			<key>buildSettings</key>
			<dict>
				<key>GCC_PRECOMPILE_PREFIX_HEADER</key>
				<string>YES</string>
				<key>GCC_PREFIX_HEADER</key>
				<string>Briar/Briar-Prefix.pch</string>
				<key>INFOPLIST_FILE</key>
				<string>Briar/Briar-Info.plist</string>
				<key>PRODUCT_NAME</key>
				<string>$(TARGET_NAME)</string>
				<key>WRAPPER_EXTENSION</key>
				<string>app</string>
			</dict>
			<key>isa</key>
			<string>XCBuildConfiguration</string>
			<key>name</key>
			<string>Release</string>
		</dict>
		<key>F568C45116E3C69C007797F1</key>
		<dict>
			<key>children</key>
			<array>
				<string>F568C45B16E3C6C7007797F1</string>
				<string>F568C45216E3C69C007797F1</string>
				<string>F568C45316E3C69C007797F1</string>
				<string>F568C45416E3C69C007797F1</string>
				<string>F568C45516E3C69C007797F1</string>
			</array>
			<key>isa</key>
			<string>PBXGroup</string>
			<key>path</key>
			<string>artwork</string>
			<key>sourceTree</key>
			<string>&lt;group&gt;</string>
		</dict>
		<key>F568C45216E3C69C007797F1</key>
		<dict>
			<key>isa</key>
			<string>PBXFileReference</string>
			<key>lastKnownFileType</key>
			<string>image.png</string>
			<key>path</key>
			<string>first.png</string>
			<key>sourceTree</key>
			<string>&lt;group&gt;</string>
		</dict>
		<key>F568C45316E3C69C007797F1</key>
		<dict>
			<key>isa</key>
			<string>PBXFileReference</string>
			<key>lastKnownFileType</key>
			<string>image.png</string>
			<key>path</key>
			<string>first@2x.png</string>
			<key>sourceTree</key>
			<string>&lt;group&gt;</string>
		</dict>
		<key>F568C45416E3C69C007797F1</key>
		<dict>
			<key>isa</key>
			<string>PBXFileReference</string>
			<key>lastKnownFileType</key>
			<string>image.png</string>
			<key>path</key>
			<string>second.png</string>
			<key>sourceTree</key>
			<string>&lt;group&gt;</string>
		</dict>
		<key>F568C45516E3C69C007797F1</key>
		<dict>
			<key>isa</key>
			<string>PBXFileReference</string>
			<key>lastKnownFileType</key>
			<string>image.png</string>
			<key>path</key>
			<string>second@2x.png</string>
			<key>sourceTree</key>
			<string>&lt;group&gt;</string>
		</dict>
		<key>F568C45616E3C69C007797F1</key>
		<dict>
			<key>fileRef</key>
			<string>F568C45216E3C69C007797F1</string>
			<key>isa</key>
			<string>PBXBuildFile</string>
		</dict>
		<key>F568C45716E3C69C007797F1</key>
		<dict>
			<key>fileRef</key>
			<string>F568C45316E3C69C007797F1</string>
			<key>isa</key>
			<string>PBXBuildFile</string>
		</dict>
		<key>F568C45816E3C69C007797F1</key>
		<dict>
			<key>fileRef</key>
			<string>F568C45416E3C69C007797F1</string>
			<key>isa</key>
			<string>PBXBuildFile</string>
		</dict>
		<key>F568C45916E3C69C007797F1</key>
		<dict>
			<key>fileRef</key>
			<string>F568C45516E3C69C007797F1</string>
			<key>isa</key>
			<string>PBXBuildFile</string>
		</dict>
		<key>F568C45A16E3C6A8007797F1</key>
		<dict>
			<key>children</key>
			<array>
				<string>F568C44616E3C256007797F1</string>
				<string>F568C44916E3C256007797F1</string>
			</array>
			<key>isa</key>
			<string>PBXGroup</string>
			<key>name</key>
			<string>XIB</string>
			<key>sourceTree</key>
			<string>&lt;group&gt;</string>
		</dict>
		<key>F568C45B16E3C6C7007797F1</key>
		<dict>
			<key>children</key>
			<array>
				<string>F568C45C16E3C6F2007797F1</string>
				<string>F568C45D16E3C6F2007797F1</string>
				<string>F568C45E16E3C6F2007797F1</string>
				<string>F568C45F16E3C6F2007797F1</string>
				<string>F568C46016E3C6F2007797F1</string>
				<string>F568C46116E3C6F2007797F1</string>
				<string>F568C46216E3C6F2007797F1</string>
				<string>F568C46316E3C6F2007797F1</string>
				<string>F568C46416E3C6F2007797F1</string>
				<string>F568C43216E3C256007797F1</string>
				<string>F568C43416E3C256007797F1</string>
				<string>F568C43616E3C256007797F1</string>
			</array>
			<key>isa</key>
			<string>PBXGroup</string>
			<key>name</key>
			<string>required-artwork</string>
			<key>sourceTree</key>
			<string>&lt;group&gt;</string>
		</dict>
		<key>F568C45C16E3C6F2007797F1</key>
		<dict>
			<key>isa</key>
			<string>PBXFileReference</string>
			<key>lastKnownFileType</key>
			<string>image.png</string>
			<key>name</key>
			<string>Icon-72.png</string>
			<key>path</key>
			<string>Briar/Icon-72.png</string>
			<key>sourceTree</key>
			<string>SOURCE_ROOT</string>
		</dict>
		<key>F568C45D16E3C6F2007797F1</key>
		<dict>
			<key>isa</key>
			<string>PBXFileReference</string>
			<key>lastKnownFileType</key>
			<string>image.png</string>
			<key>name</key>
			<string>Icon-72@2x.png</string>
			<key>path</key>
			<string>Briar/Icon-72@2x.png</string>
			<key>sourceTree</key>
			<string>SOURCE_ROOT</string>
		</dict>
		<key>F568C45E16E3C6F2007797F1</key>
		<dict>
			<key>isa</key>
			<string>PBXFileReference</string>
			<key>lastKnownFileType</key>
			<string>image.png</string>
			<key>name</key>
			<string>Icon-Small-50.png</string>
			<key>path</key>
			<string>Briar/Icon-Small-50.png</string>
			<key>sourceTree</key>
			<string>SOURCE_ROOT</string>
		</dict>
		<key>F568C45F16E3C6F2007797F1</key>
		<dict>
			<key>isa</key>
			<string>PBXFileReference</string>
			<key>lastKnownFileType</key>
			<string>image.png</string>
			<key>name</key>
			<string>Icon-Small.png</string>
			<key>path</key>
			<string>Briar/Icon-Small.png</string>
			<key>sourceTree</key>
			<string>SOURCE_ROOT</string>
		</dict>
		<key>F568C46016E3C6F2007797F1</key>
		<dict>
			<key>isa</key>
			<string>PBXFileReference</string>
			<key>lastKnownFileType</key>
			<string>image.png</string>
			<key>name</key>
			<string>Icon-Small@2x.png</string>
			<key>path</key>
			<string>Briar/Icon-Small@2x.png</string>
			<key>sourceTree</key>
			<string>SOURCE_ROOT</string>
		</dict>
		<key>F568C46116E3C6F2007797F1</key>
		<dict>
			<key>isa</key>
			<string>PBXFileReference</string>
			<key>lastKnownFileType</key>
			<string>image.png</string>
			<key>name</key>
			<string>Icon.png</string>
			<key>path</key>
			<string>Briar/Icon.png</string>
			<key>sourceTree</key>
			<string>SOURCE_ROOT</string>
		</dict>
		<key>F568C46216E3C6F2007797F1</key>
		<dict>
			<key>isa</key>
			<string>PBXFileReference</string>
			<key>lastKnownFileType</key>
			<string>image.png</string>
			<key>name</key>
			<string>Icon@2x.png</string>
			<key>path</key>
			<string>Briar/Icon@2x.png</string>
			<key>sourceTree</key>
			<string>SOURCE_ROOT</string>
		</dict>
		<key>F568C46316E3C6F2007797F1</key>
		<dict>
			<key>isa</key>
			<string>PBXFileReference</string>
			<key>lastKnownFileType</key>
			<string>file</string>
			<key>name</key>
			<string>iTunesArtwork</string>
			<key>path</key>
			<string>Briar/iTunesArtwork</string>
			<key>sourceTree</key>
			<string>SOURCE_ROOT</string>
		</dict>
		<key>F568C46416E3C6F2007797F1</key>
		<dict>
			<key>isa</key>
			<string>PBXFileReference</string>
			<key>lastKnownFileType</key>
			<string>file</string>
			<key>name</key>
			<string>iTunesArtwork@2x</string>
			<key>path</key>
			<string>Briar/iTunesArtwork@2x</string>
			<key>sourceTree</key>
			<string>SOURCE_ROOT</string>
		</dict>
		<key>F568C46516E3C6F2007797F1</key>
		<dict>
			<key>fileRef</key>
			<string>F568C45C16E3C6F2007797F1</string>
			<key>isa</key>
			<string>PBXBuildFile</string>
		</dict>
		<key>F568C46616E3C6F2007797F1</key>
		<dict>
			<key>fileRef</key>
			<string>F568C45D16E3C6F2007797F1</string>
			<key>isa</key>
			<string>PBXBuildFile</string>
		</dict>
		<key>F568C46716E3C6F2007797F1</key>
		<dict>
			<key>fileRef</key>
			<string>F568C45E16E3C6F2007797F1</string>
			<key>isa</key>
			<string>PBXBuildFile</string>
		</dict>
		<key>F568C46816E3C6F2007797F1</key>
		<dict>
			<key>fileRef</key>
			<string>F568C45F16E3C6F2007797F1</string>
			<key>isa</key>
			<string>PBXBuildFile</string>
		</dict>
		<key>F568C46916E3C6F2007797F1</key>
		<dict>
			<key>fileRef</key>
			<string>F568C46016E3C6F2007797F1</string>
			<key>isa</key>
			<string>PBXBuildFile</string>
		</dict>
		<key>F568C46A16E3C6F2007797F1</key>
		<dict>
			<key>fileRef</key>
			<string>F568C46116E3C6F2007797F1</string>
			<key>isa</key>
			<string>PBXBuildFile</string>
		</dict>
		<key>F568C46B16E3C6F2007797F1</key>
		<dict>
			<key>fileRef</key>
			<string>F568C46216E3C6F2007797F1</string>
			<key>isa</key>
			<string>PBXBuildFile</string>
		</dict>
		<key>F568C46C16E3C6F2007797F1</key>
		<dict>
			<key>fileRef</key>
			<string>F568C46316E3C6F2007797F1</string>
			<key>isa</key>
			<string>PBXBuildFile</string>
		</dict>
		<key>F568C46D16E3C6F2007797F1</key>
		<dict>
			<key>fileRef</key>
			<string>F568C46416E3C6F2007797F1</string>
			<key>isa</key>
			<string>PBXBuildFile</string>
		</dict>
		<key>F568C46E16E3C8EB007797F1</key>
		<dict>
			<key>buildConfigurationList</key>
			<string>F568C46F16E3C8EB007797F1</string>
			<key>buildPhases</key>
			<array>
				<string>F568C47216E3C90D007797F1</string>
			</array>
			<key>dependencies</key>
			<array/>
			<key>isa</key>
			<string>PBXAggregateTarget</string>
			<key>name</key>
			<string>versioning</string>
			<key>productName</key>
			<string>versioning</string>
		</dict>
		<key>F568C46F16E3C8EB007797F1</key>
		<dict>
			<key>buildConfigurations</key>
			<array>
				<string>F568C47016E3C8EB007797F1</string>
				<string>F568C47116E3C8EB007797F1</string>
				<string>F568C47B16E3C9B7007797F1</string>
				<string>F568C47816E3C9B0007797F1</string>
			</array>
			<key>defaultConfigurationIsVisible</key>
			<string>0</string>
			<key>isa</key>
			<string>XCConfigurationList</string>
		</dict>
		<key>F568C47016E3C8EB007797F1</key>
		<dict>
			<key>buildSettings</key>
			<dict>
				<key>PRODUCT_NAME</key>
				<string>$(TARGET_NAME)</string>
			</dict>
			<key>isa</key>
			<string>XCBuildConfiguration</string>
			<key>name</key>
			<string>Debug</string>
		</dict>
		<key>F568C47116E3C8EB007797F1</key>
		<dict>
			<key>buildSettings</key>
			<dict>
				<key>PRODUCT_NAME</key>
				<string>$(TARGET_NAME)</string>
			</dict>
			<key>isa</key>
			<string>XCBuildConfiguration</string>
			<key>name</key>
			<string>Release</string>
		</dict>
		<key>F568C47216E3C90D007797F1</key>
		<dict>
			<key>buildActionMask</key>
			<string>2147483647</string>
			<key>files</key>
			<array/>
			<key>inputPaths</key>
			<array/>
			<key>isa</key>
			<string>PBXShellScriptBuildPhase</string>
			<key>outputPaths</key>
			<array/>
			<key>runOnlyForDeploymentPostprocessing</key>
			<string>0</string>
			<key>shellPath</key>
			<string>/bin/sh</string>
			<key>shellScript</key>
			<string>gitpath=`which git`
GITREV=`$gitpath rev-parse --short HEAD`
echo "INFO: setting the GIT_SHORT_REVISION = ${GITREV} in InfoPlist.h"
echo "#define GIT_SHORT_REVISION ${GITREV}" &gt; InfoPlist.h
echo "INFO: touching Info.plist"
touch Briar/Briar-Info.plist
touch Briar-cal-Info.plist</string>
		</dict>
		<key>F568C47316E3C94A007797F1</key>
		<dict>
			<key>containerPortal</key>
			<string>F568C41516E3C256007797F1</string>
			<key>isa</key>
			<string>PBXContainerItemProxy</string>
			<key>proxyType</key>
			<string>1</string>
			<key>remoteGlobalIDString</key>
			<string>F568C46E16E3C8EB007797F1</string>
			<key>remoteInfo</key>
			<string>versioning</string>
		</dict>
		<key>F568C47416E3C94A007797F1</key>
		<dict>
			<key>isa</key>
			<string>PBXTargetDependency</string>
			<key>target</key>
			<string>F568C46E16E3C8EB007797F1</string>
			<key>targetProxy</key>
			<string>F568C47316E3C94A007797F1</string>
		</dict>
		<key>F568C47516E3C984007797F1</key>
		<dict>
			<key>buildActionMask</key>
			<string>2147483647</string>
			<key>files</key>
			<array/>
			<key>inputPaths</key>
			<array/>
			<key>isa</key>
			<string>PBXShellScriptBuildPhase</string>
			<key>name</key>
			<string>Run Script versioning</string>
			<key>outputPaths</key>
			<array/>
			<key>runOnlyForDeploymentPostprocessing</key>
			<string>0</string>
			<key>shellPath</key>
			<string>/bin/bash</string>
			<key>shellScript</key>
			<string>bash versioning.bash "${CONFIGURATION}" "${INFOPLIST_FILE}" AppStore</string>
		</dict>
		<key>F568C47616E3C9B0007797F1</key>
		<dict>
			<key>buildSettings</key>
			<dict>
				<key>ALWAYS_SEARCH_USER_PATHS</key>
				<string>NO</string>
				<key>CLANG_CXX_LANGUAGE_STANDARD</key>
				<string>gnu++0x</string>
				<key>CLANG_CXX_LIBRARY</key>
				<string>libc++</string>
				<key>CLANG_ENABLE_OBJC_ARC</key>
				<string>YES</string>
				<key>CLANG_WARN_CONSTANT_CONVERSION</key>
				<string>YES</string>
				<key>CLANG_WARN_EMPTY_BODY</key>
				<string>YES</string>
				<key>CLANG_WARN_ENUM_CONVERSION</key>
				<string>YES</string>
				<key>CLANG_WARN_INT_CONVERSION</key>
				<string>YES</string>
				<key>CLANG_WARN__DUPLICATE_METHOD_MATCH</key>
				<string>YES</string>
				<key>CODE_SIGN_IDENTITY[sdk=iphoneos*]</key>
				<string>iPhone Developer</string>
				<key>COPY_PHASE_STRIP</key>
				<string>YES</string>
				<key>GCC_C_LANGUAGE_STANDARD</key>
				<string>gnu99</string>
				<key>GCC_WARN_ABOUT_MISSING_PROTOTYPES</key>
				<string>YES</string>
				<key>GCC_WARN_ABOUT_RETURN_TYPE</key>
				<string>YES</string>
				<key>GCC_WARN_STRICT_SELECTOR_MATCH</key>
				<string>YES</string>
				<key>GCC_WARN_UNDECLARED_SELECTOR</key>
				<string>YES</string>
				<key>GCC_WARN_UNINITIALIZED_AUTOS</key>
				<string>YES</string>
				<key>GCC_WARN_UNKNOWN_PRAGMAS</key>
				<string>YES</string>
				<key>GCC_WARN_UNUSED_VARIABLE</key>
				<string>YES</string>
				<key>INFOPLIST_PREFIX_HEADER</key>
				<string>InfoPlist.h</string>
				<key>INFOPLIST_PREPROCESS</key>
				<string>YES</string>
				<key>IPHONEOS_DEPLOYMENT_TARGET</key>
				<string>5.0</string>
				<key>OTHER_CFLAGS</key>
				<string>-DNS_BLOCK_ASSERTIONS=1</string>
				<key>SDKROOT</key>
				<string>iphoneos</string>
				<key>VALIDATE_PRODUCT</key>
				<string>YES</string>
				<key>WARNING_CFLAGS</key>
				<array>
					<string>-Wunreachable-code</string>
					<string>-fcolor-diagnostics</string>
					<string>-Wno-format-security</string>
				</array>
			</dict>
			<key>isa</key>
			<string>XCBuildConfiguration</string>
			<key>name</key>
			<string>AppStore</string>
		</dict>
		<key>F568C47716E3C9B0007797F1</key>
		<dict>
			<key>buildSettings</key>
			<dict>
				<key>GCC_PRECOMPILE_PREFIX_HEADER</key>
				<string>YES</string>
				<key>GCC_PREFIX_HEADER</key>
				<string>Briar/Briar-Prefix.pch</string>
				<key>INFOPLIST_FILE</key>
				<string>Briar/Briar-Info.plist</string>
				<key>PRODUCT_NAME</key>
				<string>$(TARGET_NAME)</string>
				<key>WRAPPER_EXTENSION</key>
				<string>app</string>
			</dict>
			<key>isa</key>
			<string>XCBuildConfiguration</string>
			<key>name</key>
			<string>AppStore</string>
		</dict>
		<key>F568C47816E3C9B0007797F1</key>
		<dict>
			<key>buildSettings</key>
			<dict>
				<key>PRODUCT_NAME</key>
				<string>$(TARGET_NAME)</string>
			</dict>
			<key>isa</key>
			<string>XCBuildConfiguration</string>
			<key>name</key>
			<string>AppStore</string>
		</dict>
		<key>F568C47916E3C9B7007797F1</key>
		<dict>
			<key>buildSettings</key>
			<dict>
				<key>ALWAYS_SEARCH_USER_PATHS</key>
				<string>NO</string>
				<key>CLANG_CXX_LANGUAGE_STANDARD</key>
				<string>gnu++0x</string>
				<key>CLANG_CXX_LIBRARY</key>
				<string>libc++</string>
				<key>CLANG_ENABLE_OBJC_ARC</key>
				<string>YES</string>
				<key>CLANG_WARN_CONSTANT_CONVERSION</key>
				<string>YES</string>
				<key>CLANG_WARN_EMPTY_BODY</key>
				<string>YES</string>
				<key>CLANG_WARN_ENUM_CONVERSION</key>
				<string>YES</string>
				<key>CLANG_WARN_INT_CONVERSION</key>
				<string>YES</string>
				<key>CLANG_WARN__DUPLICATE_METHOD_MATCH</key>
				<string>YES</string>
				<key>CODE_SIGN_IDENTITY[sdk=iphoneos*]</key>
				<string>iPhone Developer</string>
				<key>COPY_PHASE_STRIP</key>
				<string>YES</string>
				<key>GCC_C_LANGUAGE_STANDARD</key>
				<string>gnu99</string>
				<key>GCC_WARN_ABOUT_MISSING_PROTOTYPES</key>
				<string>YES</string>
				<key>GCC_WARN_ABOUT_RETURN_TYPE</key>
				<string>YES</string>
				<key>GCC_WARN_STRICT_SELECTOR_MATCH</key>
				<string>YES</string>
				<key>GCC_WARN_UNDECLARED_SELECTOR</key>
				<string>YES</string>
				<key>GCC_WARN_UNINITIALIZED_AUTOS</key>
				<string>YES</string>
				<key>GCC_WARN_UNKNOWN_PRAGMAS</key>
				<string>YES</string>
				<key>GCC_WARN_UNUSED_VARIABLE</key>
				<string>YES</string>
				<key>INFOPLIST_PREFIX_HEADER</key>
				<string>InfoPlist.h</string>
				<key>INFOPLIST_PREPROCESS</key>
				<string>YES</string>
				<key>IPHONEOS_DEPLOYMENT_TARGET</key>
				<string>5.0</string>
				<key>OTHER_CFLAGS</key>
				<string>-DNS_BLOCK_ASSERTIONS=1</string>
				<key>SDKROOT</key>
				<string>iphoneos</string>
				<key>VALIDATE_PRODUCT</key>
				<string>YES</string>
				<key>WARNING_CFLAGS</key>
				<array>
					<string>-Wunreachable-code</string>
					<string>-fcolor-diagnostics</string>
					<string>-Wno-format-security</string>
				</array>
			</dict>
			<key>isa</key>
			<string>XCBuildConfiguration</string>
			<key>name</key>
			<string>AdHoc</string>
		</dict>
		<key>F568C47A16E3C9B7007797F1</key>
		<dict>
			<key>buildSettings</key>
			<dict>
				<key>GCC_PRECOMPILE_PREFIX_HEADER</key>
				<string>YES</string>
				<key>GCC_PREFIX_HEADER</key>
				<string>Briar/Briar-Prefix.pch</string>
				<key>INFOPLIST_FILE</key>
				<string>Briar/Briar-Info.plist</string>
				<key>PRODUCT_NAME</key>
				<string>$(TARGET_NAME)</string>
				<key>WRAPPER_EXTENSION</key>
				<string>app</string>
			</dict>
			<key>isa</key>
			<string>XCBuildConfiguration</string>
			<key>name</key>
			<string>AdHoc</string>
		</dict>
		<key>F568C47B16E3C9B7007797F1</key>
		<dict>
			<key>buildSettings</key>
			<dict>
				<key>PRODUCT_NAME</key>
				<string>$(TARGET_NAME)</string>
			</dict>
			<key>isa</key>
			<string>XCBuildConfiguration</string>
			<key>name</key>
			<string>AdHoc</string>
		</dict>
		<key>aa3541c626e9a05f9ce05e6d</key>
		<dict>
			<key>fileRef</key>
			<string>F568C43416E3C256007797F1</string>
			<key>isa</key>
			<string>PBXBuildFile</string>
		</dict>
		<key>b8fdd38325a6b1a766af9175</key>
		<dict>
			<key>fileRef</key>
			<string>F568C45F16E3C6F2007797F1</string>
			<key>isa</key>
			<string>PBXBuildFile</string>
		</dict>
		<key>c3cc1892a54542ba9cde1f42</key>
		<dict>
			<key>fileRef</key>
			<string>c6425b650cbbd9f05994720c</string>
			<key>isa</key>
			<string>PBXBuildFile</string>
		</dict>
		<key>c418708b56631e5eb9d8a697</key>
		<dict>
			<key>buildActionMask</key>
			<string>2147483647</string>
			<key>files</key>
			<array>
				<string>ed606ba9927d8c66d53a1e75</string>
				<string>d256dff5b9aeb3324a8009c9</string>
				<string>aa3541c626e9a05f9ce05e6d</string>
				<string>30ee42a2bc135b006f397b71</string>
				<string>6af7a5746f23a1f736912e8f</string>
				<string>8dbbc1ca2f714136ebe79a4c</string>
				<string>d4844386f5190d7484340315</string>
				<string>e20f57209fc5a8a2af660f73</string>
				<string>057f6664908d0a0ec2a2034a</string>
				<string>3c10e85b30a66b77009a1ccc</string>
				<string>23b78a523c28d71ae6892ce3</string>
				<string>2fac437ae5a7eef244390b77</string>
				<string>3f744665f593b89dc3f47464</string>
				<string>b8fdd38325a6b1a766af9175</string>
				<string>8e2359e8cb78e16bc7c93e82</string>
				<string>528fac7a775919ed58477c54</string>
				<string>605bd3871f647141ad259754</string>
				<string>553e655fbe2433cbff10ac67</string>
				<string>33d4d298137d5d41d434537a</string>
			</array>
			<key>isa</key>
			<string>PBXResourcesBuildPhase</string>
			<key>runOnlyForDeploymentPostprocessing</key>
			<string>0</string>
		</dict>
		<key>c5aff99349cba5eaeaa6c75b</key>
		<dict>
			<key>fileRef</key>
			<string>F568C43916E3C256007797F1</string>
			<key>isa</key>
			<string>PBXBuildFile</string>
		</dict>
		<key>c6425b650cbbd9f05994720c</key>
		<dict>
			<key>fileEncoding</key>
			<string>4</string>
			<key>isa</key>
			<string>PBXFileReference</string>
			<key>lastKnownFileType</key>
			<string>wrapper.framework</string>
			<key>name</key>
			<string>calabash.framework</string>
			<key>path</key>
			<string>calabash.framework</string>
			<key>sourceTree</key>
			<string>&lt;group&gt;</string>
		</dict>
		<key>ccd2c07834634f0ece1d0906</key>
		<dict>
			<key>buildConfigurations</key>
			<array>
				<string>09608ca2daa71133ce45a388</string>
				<string>5d879d55ad4f1a31440a147a</string>
				<string>396afcd2026cd49222fd301b</string>
				<string>cd3d8c9fd06bfdeb1a86a8d6</string>
			</array>
			<key>defaultConfigurationIsVisible</key>
			<string>0</string>
			<key>isa</key>
			<string>XCConfigurationList</string>
		</dict>
		<key>cd3d8c9fd06bfdeb1a86a8d6</key>
		<dict>
			<key>buildSettings</key>
			<dict>
				<key>FRAMEWORK_SEARCH_PATHS</key>
				<array>
					<string>$(inherited)</string>
					<string>"$(SRCROOT)"</string>
				</array>
				<key>GCC_PRECOMPILE_PREFIX_HEADER</key>
				<string>YES</string>
				<key>GCC_PREFIX_HEADER</key>
				<string>Briar/Briar-Prefix.pch</string>
				<key>INFOPLIST_FILE</key>
				<string>Briar/Briar-Info.plist</string>
				<key>OTHER_LDFLAGS</key>
				<array>
					<string>$(inherited)</string>
					<string>-force_load</string>
					<string>"$(SRCROOT)/calabash.framework/calabash"</string>
					<string>-lstdc++</string>
				</array>
				<key>PRODUCT_NAME</key>
				<string>$(TARGET_NAME)</string>
				<key>WRAPPER_EXTENSION</key>
				<string>app</string>
			</dict>
			<key>isa</key>
			<string>XCBuildConfiguration</string>
			<key>name</key>
			<string>AppStore</string>
		</dict>
		<key>d256dff5b9aeb3324a8009c9</key>
		<dict>
			<key>fileRef</key>
			<string>F568C43216E3C256007797F1</string>
			<key>isa</key>
			<string>PBXBuildFile</string>
		</dict>
		<key>d4844386f5190d7484340315</key>
		<dict>
			<key>fileRef</key>
			<string>F568C45216E3C69C007797F1</string>
			<key>isa</key>
			<string>PBXBuildFile</string>
		</dict>
		<key>e20f57209fc5a8a2af660f73</key>
		<dict>
			<key>fileRef</key>
			<string>F568C45316E3C69C007797F1</string>
			<key>isa</key>
			<string>PBXBuildFile</string>
		</dict>
		<key>ed606ba9927d8c66d53a1e75</key>
		<dict>
			<key>fileRef</key>
			<string>F568C42916E3C256007797F1</string>
			<key>isa</key>
			<string>PBXBuildFile</string>
		</dict>
		<key>ff3dcd52060efbfc4f8a542e</key>
		<dict>
			<key>fileEncoding</key>
			<string>4</string>
			<key>isa</key>
			<string>PBXFileReference</string>
			<key>lastKnownFileType</key>
			<string>wrapper.framework</string>
			<key>name</key>
			<string>CFNetwork.framework</string>
			<key>path</key>
			<string>System/Library/Frameworks/CFNetwork.framework</string>
			<key>sourceTree</key>
			<string>SDKROOT</string>
		</dict>
	</dict>
	<key>rootObject</key>
	<string>F568C41516E3C256007797F1</string>
</dict>
</plist>
